// !$*UTF8*$!
{
	archiveVersion = 1;
	classes = {
	};
	objectVersion = 56;
	objects = {

/* Begin PBXBuildFile section */
		D762DB1C2A38CF79003C4636 /* AppDelegate.swift in Sources */ = {isa = PBXBuildFile; fileRef = D762DB1B2A38CF79003C4636 /* AppDelegate.swift */; };
		D762DB1E2A38CF79003C4636 /* SceneDelegate.swift in Sources */ = {isa = PBXBuildFile; fileRef = D762DB1D2A38CF79003C4636 /* SceneDelegate.swift */; };
		D762DB202A38CF79003C4636 /* SearchUserViewController.swift in Sources */ = {isa = PBXBuildFile; fileRef = D762DB1F2A38CF79003C4636 /* SearchUserViewController.swift */; };
		D762DB252A38CF7B003C4636 /* Assets.xcassets in Resources */ = {isa = PBXBuildFile; fileRef = D762DB242A38CF7B003C4636 /* Assets.xcassets */; };
		D762DB282A38CF7B003C4636 /* LaunchScreen.storyboard in Resources */ = {isa = PBXBuildFile; fileRef = D762DB262A38CF7B003C4636 /* LaunchScreen.storyboard */; };
		D762DB332A38CF7B003C4636 /* SearchUserInGithubTests.swift in Sources */ = {isa = PBXBuildFile; fileRef = D762DB322A38CF7B003C4636 /* SearchUserInGithubTests.swift */; };
		D762DB3D2A38CF7B003C4636 /* SearchUserInGithubUITests.swift in Sources */ = {isa = PBXBuildFile; fileRef = D762DB3C2A38CF7B003C4636 /* SearchUserInGithubUITests.swift */; };
		D762DB3F2A38CF7B003C4636 /* SearchUserInGithubUITestsLaunchTests.swift in Sources */ = {isa = PBXBuildFile; fileRef = D762DB3E2A38CF7B003C4636 /* SearchUserInGithubUITestsLaunchTests.swift */; };
		D762DB542A38D19B003C4636 /* CombineMoya in Frameworks */ = {isa = PBXBuildFile; productRef = D762DB532A38D19B003C4636 /* CombineMoya */; };
		D762DB562A38D19B003C4636 /* Moya in Frameworks */ = {isa = PBXBuildFile; productRef = D762DB552A38D19B003C4636 /* Moya */; };
		D762DB592A38D1C2003C4636 /* Then in Frameworks */ = {isa = PBXBuildFile; productRef = D762DB582A38D1C2003C4636 /* Then */; };
		D762DB5C2A38D347003C4636 /* SizeLiterals.swift in Sources */ = {isa = PBXBuildFile; fileRef = D762DB5B2A38D347003C4636 /* SizeLiterals.swift */; };
		D762DB5E2A38D428003C4636 /* ImageLiterals.swift in Sources */ = {isa = PBXBuildFile; fileRef = D762DB5D2A38D428003C4636 /* ImageLiterals.swift */; };
		D762DB602A38D430003C4636 /* TextLiterals.swift in Sources */ = {isa = PBXBuildFile; fileRef = D762DB5F2A38D430003C4636 /* TextLiterals.swift */; };
		D762DB622A38D8E5003C4636 /* TextField+Extension.swift in Sources */ = {isa = PBXBuildFile; fileRef = D762DB612A38D8E5003C4636 /* TextField+Extension.swift */; };
		D762DB642A38DAC8003C4636 /* UIImage+Extension.swift in Sources */ = {isa = PBXBuildFile; fileRef = D762DB632A38DAC8003C4636 /* UIImage+Extension.swift */; };
		D762DB672A38E136003C4636 /* UserTableViewCell.swift in Sources */ = {isa = PBXBuildFile; fileRef = D762DB662A38E136003C4636 /* UserTableViewCell.swift */; };
		D762DB692A38E414003C4636 /* NSObject+Extension.swift in Sources */ = {isa = PBXBuildFile; fileRef = D762DB682A38E414003C4636 /* NSObject+Extension.swift */; };
		D79972F42A3993050008C6E8 /* UIViewController+Extension.swift in Sources */ = {isa = PBXBuildFile; fileRef = D79972F32A3993050008C6E8 /* UIViewController+Extension.swift */; };
		D79972F62A3A045A0008C6E8 /* GithubOAuthManager.swift in Sources */ = {isa = PBXBuildFile; fileRef = D79972F52A3A045A0008C6E8 /* GithubOAuthManager.swift */; };
		D79972FA2A3AA6CA0008C6E8 /* GithubAPI.swift in Sources */ = {isa = PBXBuildFile; fileRef = D79972F92A3AA6CA0008C6E8 /* GithubAPI.swift */; };
		D79972FC2A3AD97C0008C6E8 /* LoginViewController.swift in Sources */ = {isa = PBXBuildFile; fileRef = D79972FB2A3AD97C0008C6E8 /* LoginViewController.swift */; };
		D79972FE2A3ADF850008C6E8 /* UserDefatultStorage.swift in Sources */ = {isa = PBXBuildFile; fileRef = D79972FD2A3ADF850008C6E8 /* UserDefatultStorage.swift */; };
		D79973002A3ADF970008C6E8 /* UserDefaultHandler.swift in Sources */ = {isa = PBXBuildFile; fileRef = D79972FF2A3ADF970008C6E8 /* UserDefaultHandler.swift */; };
		D79973042A3AF6780008C6E8 /* User.swift in Sources */ = {isa = PBXBuildFile; fileRef = D79973032A3AF6780008C6E8 /* User.swift */; };
		D79973062A3B427C0008C6E8 /* SearchResult.swift in Sources */ = {isa = PBXBuildFile; fileRef = D79973052A3B427C0008C6E8 /* SearchResult.swift */; };
		D79973082A3B47170008C6E8 /* SearchUserViewModel.swift in Sources */ = {isa = PBXBuildFile; fileRef = D79973072A3B47170008C6E8 /* SearchUserViewModel.swift */; };
		D799730A2A3B4C050008C6E8 /* UserViewModel.swift in Sources */ = {isa = PBXBuildFile; fileRef = D79973092A3B4C050008C6E8 /* UserViewModel.swift */; };
		D79973102A3B54F30008C6E8 /* UIImageView+Extension.swift in Sources */ = {isa = PBXBuildFile; fileRef = D799730F2A3B54F30008C6E8 /* UIImageView+Extension.swift */; };
		D79973122A3B55000008C6E8 /* ImageCacheManager.swift in Sources */ = {isa = PBXBuildFile; fileRef = D79973112A3B55000008C6E8 /* ImageCacheManager.swift */; };
		D79973152A3B5F380008C6E8 /* EmptyViewCell.swift in Sources */ = {isa = PBXBuildFile; fileRef = D79973142A3B5F380008C6E8 /* EmptyViewCell.swift */; };
		D79973172A3B72BA0008C6E8 /* WebViewController.swift in Sources */ = {isa = PBXBuildFile; fileRef = D79973162A3B72BA0008C6E8 /* WebViewController.swift */; };
/* End PBXBuildFile section */

/* Begin PBXContainerItemProxy section */
		D762DB2F2A38CF7B003C4636 /* PBXContainerItemProxy */ = {
			isa = PBXContainerItemProxy;
			containerPortal = D762DB102A38CF79003C4636 /* Project object */;
			proxyType = 1;
			remoteGlobalIDString = D762DB172A38CF79003C4636;
			remoteInfo = SearchUserInGithub;
		};
		D762DB392A38CF7B003C4636 /* PBXContainerItemProxy */ = {
			isa = PBXContainerItemProxy;
			containerPortal = D762DB102A38CF79003C4636 /* Project object */;
			proxyType = 1;
			remoteGlobalIDString = D762DB172A38CF79003C4636;
			remoteInfo = SearchUserInGithub;
		};
/* End PBXContainerItemProxy section */

/* Begin PBXFileReference section */
		D762DB182A38CF79003C4636 /* SearchUserInGithub.app */ = {isa = PBXFileReference; explicitFileType = wrapper.application; includeInIndex = 0; path = SearchUserInGithub.app; sourceTree = BUILT_PRODUCTS_DIR; };
		D762DB1B2A38CF79003C4636 /* AppDelegate.swift */ = {isa = PBXFileReference; lastKnownFileType = sourcecode.swift; path = AppDelegate.swift; sourceTree = "<group>"; };
		D762DB1D2A38CF79003C4636 /* SceneDelegate.swift */ = {isa = PBXFileReference; lastKnownFileType = sourcecode.swift; path = SceneDelegate.swift; sourceTree = "<group>"; };
		D762DB1F2A38CF79003C4636 /* SearchUserViewController.swift */ = {isa = PBXFileReference; lastKnownFileType = sourcecode.swift; path = SearchUserViewController.swift; sourceTree = "<group>"; };
		D762DB242A38CF7B003C4636 /* Assets.xcassets */ = {isa = PBXFileReference; lastKnownFileType = folder.assetcatalog; path = Assets.xcassets; sourceTree = "<group>"; };
		D762DB272A38CF7B003C4636 /* Base */ = {isa = PBXFileReference; lastKnownFileType = file.storyboard; name = Base; path = Base.lproj/LaunchScreen.storyboard; sourceTree = "<group>"; };
		D762DB292A38CF7B003C4636 /* Info.plist */ = {isa = PBXFileReference; lastKnownFileType = text.plist.xml; path = Info.plist; sourceTree = "<group>"; };
		D762DB2E2A38CF7B003C4636 /* SearchUserInGithubTests.xctest */ = {isa = PBXFileReference; explicitFileType = wrapper.cfbundle; includeInIndex = 0; path = SearchUserInGithubTests.xctest; sourceTree = BUILT_PRODUCTS_DIR; };
		D762DB322A38CF7B003C4636 /* SearchUserInGithubTests.swift */ = {isa = PBXFileReference; lastKnownFileType = sourcecode.swift; path = SearchUserInGithubTests.swift; sourceTree = "<group>"; };
		D762DB382A38CF7B003C4636 /* SearchUserInGithubUITests.xctest */ = {isa = PBXFileReference; explicitFileType = wrapper.cfbundle; includeInIndex = 0; path = SearchUserInGithubUITests.xctest; sourceTree = BUILT_PRODUCTS_DIR; };
		D762DB3C2A38CF7B003C4636 /* SearchUserInGithubUITests.swift */ = {isa = PBXFileReference; lastKnownFileType = sourcecode.swift; path = SearchUserInGithubUITests.swift; sourceTree = "<group>"; };
		D762DB3E2A38CF7B003C4636 /* SearchUserInGithubUITestsLaunchTests.swift */ = {isa = PBXFileReference; lastKnownFileType = sourcecode.swift; path = SearchUserInGithubUITestsLaunchTests.swift; sourceTree = "<group>"; };
		D762DB5B2A38D347003C4636 /* SizeLiterals.swift */ = {isa = PBXFileReference; lastKnownFileType = sourcecode.swift; path = SizeLiterals.swift; sourceTree = "<group>"; };
		D762DB5D2A38D428003C4636 /* ImageLiterals.swift */ = {isa = PBXFileReference; lastKnownFileType = sourcecode.swift; path = ImageLiterals.swift; sourceTree = "<group>"; };
		D762DB5F2A38D430003C4636 /* TextLiterals.swift */ = {isa = PBXFileReference; lastKnownFileType = sourcecode.swift; path = TextLiterals.swift; sourceTree = "<group>"; };
		D762DB612A38D8E5003C4636 /* TextField+Extension.swift */ = {isa = PBXFileReference; lastKnownFileType = sourcecode.swift; path = "TextField+Extension.swift"; sourceTree = "<group>"; };
		D762DB632A38DAC8003C4636 /* UIImage+Extension.swift */ = {isa = PBXFileReference; lastKnownFileType = sourcecode.swift; path = "UIImage+Extension.swift"; sourceTree = "<group>"; };
		D762DB662A38E136003C4636 /* UserTableViewCell.swift */ = {isa = PBXFileReference; lastKnownFileType = sourcecode.swift; path = UserTableViewCell.swift; sourceTree = "<group>"; };
		D762DB682A38E414003C4636 /* NSObject+Extension.swift */ = {isa = PBXFileReference; lastKnownFileType = sourcecode.swift; path = "NSObject+Extension.swift"; sourceTree = "<group>"; };
		D79972F32A3993050008C6E8 /* UIViewController+Extension.swift */ = {isa = PBXFileReference; lastKnownFileType = sourcecode.swift; path = "UIViewController+Extension.swift"; sourceTree = "<group>"; };
		D79972F52A3A045A0008C6E8 /* GithubOAuthManager.swift */ = {isa = PBXFileReference; lastKnownFileType = sourcecode.swift; path = GithubOAuthManager.swift; sourceTree = "<group>"; };
		D79972F92A3AA6CA0008C6E8 /* GithubAPI.swift */ = {isa = PBXFileReference; lastKnownFileType = sourcecode.swift; path = GithubAPI.swift; sourceTree = "<group>"; };
		D79972FB2A3AD97C0008C6E8 /* LoginViewController.swift */ = {isa = PBXFileReference; lastKnownFileType = sourcecode.swift; path = LoginViewController.swift; sourceTree = "<group>"; };
		D79972FD2A3ADF850008C6E8 /* UserDefatultStorage.swift */ = {isa = PBXFileReference; lastKnownFileType = sourcecode.swift; path = UserDefatultStorage.swift; sourceTree = "<group>"; };
		D79972FF2A3ADF970008C6E8 /* UserDefaultHandler.swift */ = {isa = PBXFileReference; lastKnownFileType = sourcecode.swift; path = UserDefaultHandler.swift; sourceTree = "<group>"; };
		D79973032A3AF6780008C6E8 /* User.swift */ = {isa = PBXFileReference; lastKnownFileType = sourcecode.swift; path = User.swift; sourceTree = "<group>"; };
		D79973052A3B427C0008C6E8 /* SearchResult.swift */ = {isa = PBXFileReference; lastKnownFileType = sourcecode.swift; path = SearchResult.swift; sourceTree = "<group>"; };
		D79973072A3B47170008C6E8 /* SearchUserViewModel.swift */ = {isa = PBXFileReference; lastKnownFileType = sourcecode.swift; path = SearchUserViewModel.swift; sourceTree = "<group>"; };
		D79973092A3B4C050008C6E8 /* UserViewModel.swift */ = {isa = PBXFileReference; lastKnownFileType = sourcecode.swift; path = UserViewModel.swift; sourceTree = "<group>"; };
		D799730F2A3B54F30008C6E8 /* UIImageView+Extension.swift */ = {isa = PBXFileReference; lastKnownFileType = sourcecode.swift; path = "UIImageView+Extension.swift"; sourceTree = "<group>"; };
		D79973112A3B55000008C6E8 /* ImageCacheManager.swift */ = {isa = PBXFileReference; lastKnownFileType = sourcecode.swift; path = ImageCacheManager.swift; sourceTree = "<group>"; };
		D79973142A3B5F380008C6E8 /* EmptyViewCell.swift */ = {isa = PBXFileReference; lastKnownFileType = sourcecode.swift; path = EmptyViewCell.swift; sourceTree = "<group>"; };
		D79973162A3B72BA0008C6E8 /* WebViewController.swift */ = {isa = PBXFileReference; lastKnownFileType = sourcecode.swift; path = WebViewController.swift; sourceTree = "<group>"; };
/* End PBXFileReference section */

/* Begin PBXFrameworksBuildPhase section */
		D762DB152A38CF79003C4636 /* Frameworks */ = {
			isa = PBXFrameworksBuildPhase;
			buildActionMask = 2147483647;
			files = (
				D762DB562A38D19B003C4636 /* Moya in Frameworks */,
				D762DB592A38D1C2003C4636 /* Then in Frameworks */,
				D762DB542A38D19B003C4636 /* CombineMoya in Frameworks */,
			);
			runOnlyForDeploymentPostprocessing = 0;
		};
		D762DB2B2A38CF7B003C4636 /* Frameworks */ = {
			isa = PBXFrameworksBuildPhase;
			buildActionMask = 2147483647;
			files = (
			);
			runOnlyForDeploymentPostprocessing = 0;
		};
		D762DB352A38CF7B003C4636 /* Frameworks */ = {
			isa = PBXFrameworksBuildPhase;
			buildActionMask = 2147483647;
			files = (
			);
			runOnlyForDeploymentPostprocessing = 0;
		};
/* End PBXFrameworksBuildPhase section */

/* Begin PBXGroup section */
		D762DB0F2A38CF79003C4636 = {
			isa = PBXGroup;
			children = (
				D762DB1A2A38CF79003C4636 /* SearchUserInGithub */,
				D762DB312A38CF7B003C4636 /* SearchUserInGithubTests */,
				D762DB3B2A38CF7B003C4636 /* SearchUserInGithubUITests */,
				D762DB192A38CF79003C4636 /* Products */,
			);
			sourceTree = "<group>";
		};
		D762DB192A38CF79003C4636 /* Products */ = {
			isa = PBXGroup;
			children = (
				D762DB182A38CF79003C4636 /* SearchUserInGithub.app */,
				D762DB2E2A38CF7B003C4636 /* SearchUserInGithubTests.xctest */,
				D762DB382A38CF7B003C4636 /* SearchUserInGithubUITests.xctest */,
			);
			name = Products;
			sourceTree = "<group>";
		};
		D762DB1A2A38CF79003C4636 /* SearchUserInGithub */ = {
			isa = PBXGroup;
			children = (
				D79973292A3C73C10008C6E8 /* Network */,
				D762DB4E2A38CFC0003C4636 /* Models */,
				D762DB4D2A38CFB9003C4636 /* Views */,
				D762DB4C2A38CFAF003C4636 /* ViewModels */,
				D762DB4F2A38CFC5003C4636 /* Helpers */,
				D762DB502A38CFCC003C4636 /* Extensions */,
				D762DB5A2A38D33A003C4636 /* Literal */,
				D762DB4B2A38CFA5003C4636 /* SupportingFiles */,
				D762DB512A38D01B003C4636 /* Assets */,
				D762DB292A38CF7B003C4636 /* Info.plist */,
			);
			path = SearchUserInGithub;
			sourceTree = "<group>";
		};
		D762DB312A38CF7B003C4636 /* SearchUserInGithubTests */ = {
			isa = PBXGroup;
			children = (
				D762DB322A38CF7B003C4636 /* SearchUserInGithubTests.swift */,
			);
			path = SearchUserInGithubTests;
			sourceTree = "<group>";
		};
		D762DB3B2A38CF7B003C4636 /* SearchUserInGithubUITests */ = {
			isa = PBXGroup;
			children = (
				D762DB3C2A38CF7B003C4636 /* SearchUserInGithubUITests.swift */,
				D762DB3E2A38CF7B003C4636 /* SearchUserInGithubUITestsLaunchTests.swift */,
			);
			path = SearchUserInGithubUITests;
			sourceTree = "<group>";
		};
		D762DB4B2A38CFA5003C4636 /* SupportingFiles */ = {
			isa = PBXGroup;
			children = (
				D762DB1B2A38CF79003C4636 /* AppDelegate.swift */,
				D762DB1D2A38CF79003C4636 /* SceneDelegate.swift */,
				D762DB262A38CF7B003C4636 /* LaunchScreen.storyboard */,
			);
			path = SupportingFiles;
			sourceTree = "<group>";
		};
		D762DB4C2A38CFAF003C4636 /* ViewModels */ = {
			isa = PBXGroup;
			children = (
				D79973282A3C71500008C6E8 /* SearchUser */,
			);
			path = ViewModels;
			sourceTree = "<group>";
		};
		D762DB4D2A38CFB9003C4636 /* Views */ = {
			isa = PBXGroup;
			children = (
				D79973272A3C712F0008C6E8 /* SearchUser */,
				D79973252A3C711D0008C6E8 /* Login */,
				D762DB652A38E127003C4636 /* UITableViewCell */,
			);
			path = Views;
			sourceTree = "<group>";
		};
		D762DB4E2A38CFC0003C4636 /* Models */ = {
			isa = PBXGroup;
			children = (
				D79973032A3AF6780008C6E8 /* User.swift */,
				D79973052A3B427C0008C6E8 /* SearchResult.swift */,
			);
			path = Models;
			sourceTree = "<group>";
		};
		D762DB4F2A38CFC5003C4636 /* Helpers */ = {
			isa = PBXGroup;
			children = (
				D79972FD2A3ADF850008C6E8 /* UserDefatultStorage.swift */,
				D79972FF2A3ADF970008C6E8 /* UserDefaultHandler.swift */,
				D79973112A3B55000008C6E8 /* ImageCacheManager.swift */,
			);
			path = Helpers;
			sourceTree = "<group>";
		};
		D762DB502A38CFCC003C4636 /* Extensions */ = {
			isa = PBXGroup;
			children = (
				D762DB612A38D8E5003C4636 /* TextField+Extension.swift */,
				D762DB632A38DAC8003C4636 /* UIImage+Extension.swift */,
				D762DB682A38E414003C4636 /* NSObject+Extension.swift */,
				D79972F32A3993050008C6E8 /* UIViewController+Extension.swift */,
				D799730F2A3B54F30008C6E8 /* UIImageView+Extension.swift */,
			);
			path = Extensions;
			sourceTree = "<group>";
		};
		D762DB512A38D01B003C4636 /* Assets */ = {
			isa = PBXGroup;
			children = (
				D762DB242A38CF7B003C4636 /* Assets.xcassets */,
			);
			path = Assets;
			sourceTree = "<group>";
		};
		D762DB5A2A38D33A003C4636 /* Literal */ = {
			isa = PBXGroup;
			children = (
				D762DB5B2A38D347003C4636 /* SizeLiterals.swift */,
				D762DB5D2A38D428003C4636 /* ImageLiterals.swift */,
				D762DB5F2A38D430003C4636 /* TextLiterals.swift */,
			);
			path = Literal;
			sourceTree = "<group>";
		};
		D762DB652A38E127003C4636 /* UITableViewCell */ = {
			isa = PBXGroup;
			children = (
				D79973142A3B5F380008C6E8 /* EmptyViewCell.swift */,
				D762DB662A38E136003C4636 /* UserTableViewCell.swift */,
			);
			path = UITableViewCell;
			sourceTree = "<group>";
		};
		D79973252A3C711D0008C6E8 /* Login */ = {
			isa = PBXGroup;
			children = (
				D79972FB2A3AD97C0008C6E8 /* LoginViewController.swift */,
			);
			path = Login;
			sourceTree = "<group>";
		};
		D79973272A3C712F0008C6E8 /* SearchUser */ = {
			isa = PBXGroup;
			children = (
				D762DB1F2A38CF79003C4636 /* SearchUserViewController.swift */,
				D79973162A3B72BA0008C6E8 /* WebViewController.swift */,
			);
			path = SearchUser;
			sourceTree = "<group>";
		};
		D79973282A3C71500008C6E8 /* SearchUser */ = {
			isa = PBXGroup;
			children = (
				D79973072A3B47170008C6E8 /* SearchUserViewModel.swift */,
				D79973092A3B4C050008C6E8 /* UserViewModel.swift */,
			);
			path = SearchUser;
			sourceTree = "<group>";
		};
		D79973292A3C73C10008C6E8 /* Network */ = {
			isa = PBXGroup;
			children = (
				D799732B2A3C73E60008C6E8 /* OAuth */,
				D799732A2A3C73D60008C6E8 /* API */,
			);
			path = Network;
			sourceTree = "<group>";
		};
		D799732A2A3C73D60008C6E8 /* API */ = {
			isa = PBXGroup;
			children = (
				D79972F92A3AA6CA0008C6E8 /* GithubAPI.swift */,
			);
			path = API;
			sourceTree = "<group>";
		};
		D799732B2A3C73E60008C6E8 /* OAuth */ = {
			isa = PBXGroup;
			children = (
				D79972F52A3A045A0008C6E8 /* GithubOAuthManager.swift */,
			);
			path = OAuth;
			sourceTree = "<group>";
		};
/* End PBXGroup section */

/* Begin PBXNativeTarget section */
		D762DB172A38CF79003C4636 /* SearchUserInGithub */ = {
			isa = PBXNativeTarget;
			buildConfigurationList = D762DB422A38CF7B003C4636 /* Build configuration list for PBXNativeTarget "SearchUserInGithub" */;
			buildPhases = (
				D762DB142A38CF79003C4636 /* Sources */,
				D762DB152A38CF79003C4636 /* Frameworks */,
				D762DB162A38CF79003C4636 /* Resources */,
			);
			buildRules = (
			);
			dependencies = (
			);
			name = SearchUserInGithub;
			packageProductDependencies = (
				D762DB532A38D19B003C4636 /* CombineMoya */,
				D762DB552A38D19B003C4636 /* Moya */,
				D762DB582A38D1C2003C4636 /* Then */,
			);
			productName = SearchUserInGithub;
			productReference = D762DB182A38CF79003C4636 /* SearchUserInGithub.app */;
			productType = "com.apple.product-type.application";
		};
		D762DB2D2A38CF7B003C4636 /* SearchUserInGithubTests */ = {
			isa = PBXNativeTarget;
			buildConfigurationList = D762DB452A38CF7B003C4636 /* Build configuration list for PBXNativeTarget "SearchUserInGithubTests" */;
			buildPhases = (
				D762DB2A2A38CF7B003C4636 /* Sources */,
				D762DB2B2A38CF7B003C4636 /* Frameworks */,
				D762DB2C2A38CF7B003C4636 /* Resources */,
			);
			buildRules = (
			);
			dependencies = (
				D762DB302A38CF7B003C4636 /* PBXTargetDependency */,
			);
			name = SearchUserInGithubTests;
			productName = SearchUserInGithubTests;
			productReference = D762DB2E2A38CF7B003C4636 /* SearchUserInGithubTests.xctest */;
			productType = "com.apple.product-type.bundle.unit-test";
		};
		D762DB372A38CF7B003C4636 /* SearchUserInGithubUITests */ = {
			isa = PBXNativeTarget;
			buildConfigurationList = D762DB482A38CF7B003C4636 /* Build configuration list for PBXNativeTarget "SearchUserInGithubUITests" */;
			buildPhases = (
				D762DB342A38CF7B003C4636 /* Sources */,
				D762DB352A38CF7B003C4636 /* Frameworks */,
				D762DB362A38CF7B003C4636 /* Resources */,
			);
			buildRules = (
			);
			dependencies = (
				D762DB3A2A38CF7B003C4636 /* PBXTargetDependency */,
			);
			name = SearchUserInGithubUITests;
			productName = SearchUserInGithubUITests;
			productReference = D762DB382A38CF7B003C4636 /* SearchUserInGithubUITests.xctest */;
			productType = "com.apple.product-type.bundle.ui-testing";
		};
/* End PBXNativeTarget section */

/* Begin PBXProject section */
		D762DB102A38CF79003C4636 /* Project object */ = {
			isa = PBXProject;
			attributes = {
				BuildIndependentTargetsInParallel = 1;
				LastSwiftUpdateCheck = 1430;
				LastUpgradeCheck = 1430;
				TargetAttributes = {
					D762DB172A38CF79003C4636 = {
						CreatedOnToolsVersion = 14.3.1;
					};
					D762DB2D2A38CF7B003C4636 = {
						CreatedOnToolsVersion = 14.3.1;
						TestTargetID = D762DB172A38CF79003C4636;
					};
					D762DB372A38CF7B003C4636 = {
						CreatedOnToolsVersion = 14.3.1;
						TestTargetID = D762DB172A38CF79003C4636;
					};
				};
			};
			buildConfigurationList = D762DB132A38CF79003C4636 /* Build configuration list for PBXProject "SearchUserInGithub" */;
			compatibilityVersion = "Xcode 14.0";
			developmentRegion = en;
			hasScannedForEncodings = 0;
			knownRegions = (
				en,
				Base,
			);
			mainGroup = D762DB0F2A38CF79003C4636;
			packageReferences = (
				D762DB522A38D19B003C4636 /* XCRemoteSwiftPackageReference "Moya" */,
				D762DB572A38D1C2003C4636 /* XCRemoteSwiftPackageReference "Then" */,
			);
			productRefGroup = D762DB192A38CF79003C4636 /* Products */;
			projectDirPath = "";
			projectRoot = "";
			targets = (
				D762DB172A38CF79003C4636 /* SearchUserInGithub */,
				D762DB2D2A38CF7B003C4636 /* SearchUserInGithubTests */,
				D762DB372A38CF7B003C4636 /* SearchUserInGithubUITests */,
			);
		};
/* End PBXProject section */

/* Begin PBXResourcesBuildPhase section */
		D762DB162A38CF79003C4636 /* Resources */ = {
			isa = PBXResourcesBuildPhase;
			buildActionMask = 2147483647;
			files = (
				D762DB282A38CF7B003C4636 /* LaunchScreen.storyboard in Resources */,
				D762DB252A38CF7B003C4636 /* Assets.xcassets in Resources */,
			);
			runOnlyForDeploymentPostprocessing = 0;
		};
		D762DB2C2A38CF7B003C4636 /* Resources */ = {
			isa = PBXResourcesBuildPhase;
			buildActionMask = 2147483647;
			files = (
			);
			runOnlyForDeploymentPostprocessing = 0;
		};
		D762DB362A38CF7B003C4636 /* Resources */ = {
			isa = PBXResourcesBuildPhase;
			buildActionMask = 2147483647;
			files = (
			);
			runOnlyForDeploymentPostprocessing = 0;
		};
/* End PBXResourcesBuildPhase section */

/* Begin PBXSourcesBuildPhase section */
		D762DB142A38CF79003C4636 /* Sources */ = {
			isa = PBXSourcesBuildPhase;
			buildActionMask = 2147483647;
			files = (
				D79972FC2A3AD97C0008C6E8 /* LoginViewController.swift in Sources */,
				D762DB5C2A38D347003C4636 /* SizeLiterals.swift in Sources */,
				D762DB672A38E136003C4636 /* UserTableViewCell.swift in Sources */,
				D79972FA2A3AA6CA0008C6E8 /* GithubAPI.swift in Sources */,
				D79973152A3B5F380008C6E8 /* EmptyViewCell.swift in Sources */,
				D79972F62A3A045A0008C6E8 /* GithubOAuthManager.swift in Sources */,
				D79973002A3ADF970008C6E8 /* UserDefaultHandler.swift in Sources */,
				D762DB202A38CF79003C4636 /* SearchUserViewController.swift in Sources */,
				D79972F42A3993050008C6E8 /* UIViewController+Extension.swift in Sources */,
				D762DB642A38DAC8003C4636 /* UIImage+Extension.swift in Sources */,
				D79973062A3B427C0008C6E8 /* SearchResult.swift in Sources */,
				D79973082A3B47170008C6E8 /* SearchUserViewModel.swift in Sources */,
				D762DB602A38D430003C4636 /* TextLiterals.swift in Sources */,
				D79973172A3B72BA0008C6E8 /* WebViewController.swift in Sources */,
				D762DB692A38E414003C4636 /* NSObject+Extension.swift in Sources */,
				D79972FE2A3ADF850008C6E8 /* UserDefatultStorage.swift in Sources */,
				D762DB1C2A38CF79003C4636 /* AppDelegate.swift in Sources */,
				D79973042A3AF6780008C6E8 /* User.swift in Sources */,
				D762DB622A38D8E5003C4636 /* TextField+Extension.swift in Sources */,
				D79973102A3B54F30008C6E8 /* UIImageView+Extension.swift in Sources */,
				D762DB1E2A38CF79003C4636 /* SceneDelegate.swift in Sources */,
				D799730A2A3B4C050008C6E8 /* UserViewModel.swift in Sources */,
				D762DB5E2A38D428003C4636 /* ImageLiterals.swift in Sources */,
				D79973122A3B55000008C6E8 /* ImageCacheManager.swift in Sources */,
			);
			runOnlyForDeploymentPostprocessing = 0;
		};
		D762DB2A2A38CF7B003C4636 /* Sources */ = {
			isa = PBXSourcesBuildPhase;
			buildActionMask = 2147483647;
			files = (
				D762DB332A38CF7B003C4636 /* SearchUserInGithubTests.swift in Sources */,
			);
			runOnlyForDeploymentPostprocessing = 0;
		};
		D762DB342A38CF7B003C4636 /* Sources */ = {
			isa = PBXSourcesBuildPhase;
			buildActionMask = 2147483647;
			files = (
				D762DB3D2A38CF7B003C4636 /* SearchUserInGithubUITests.swift in Sources */,
				D762DB3F2A38CF7B003C4636 /* SearchUserInGithubUITestsLaunchTests.swift in Sources */,
			);
			runOnlyForDeploymentPostprocessing = 0;
		};
/* End PBXSourcesBuildPhase section */

/* Begin PBXTargetDependency section */
		D762DB302A38CF7B003C4636 /* PBXTargetDependency */ = {
			isa = PBXTargetDependency;
			target = D762DB172A38CF79003C4636 /* SearchUserInGithub */;
			targetProxy = D762DB2F2A38CF7B003C4636 /* PBXContainerItemProxy */;
		};
		D762DB3A2A38CF7B003C4636 /* PBXTargetDependency */ = {
			isa = PBXTargetDependency;
			target = D762DB172A38CF79003C4636 /* SearchUserInGithub */;
			targetProxy = D762DB392A38CF7B003C4636 /* PBXContainerItemProxy */;
		};
/* End PBXTargetDependency section */

/* Begin PBXVariantGroup section */
		D762DB262A38CF7B003C4636 /* LaunchScreen.storyboard */ = {
			isa = PBXVariantGroup;
			children = (
				D762DB272A38CF7B003C4636 /* Base */,
			);
			name = LaunchScreen.storyboard;
			sourceTree = "<group>";
		};
/* End PBXVariantGroup section */

/* Begin XCBuildConfiguration section */
		D762DB402A38CF7B003C4636 /* Debug */ = {
			isa = XCBuildConfiguration;
			buildSettings = {
				ALWAYS_SEARCH_USER_PATHS = NO;
				CLANG_ANALYZER_NONNULL = YES;
				CLANG_ANALYZER_NUMBER_OBJECT_CONVERSION = YES_AGGRESSIVE;
				CLANG_CXX_LANGUAGE_STANDARD = "gnu++20";
				CLANG_ENABLE_MODULES = YES;
				CLANG_ENABLE_OBJC_ARC = YES;
				CLANG_ENABLE_OBJC_WEAK = YES;
				CLANG_WARN_BLOCK_CAPTURE_AUTORELEASING = YES;
				CLANG_WARN_BOOL_CONVERSION = YES;
				CLANG_WARN_COMMA = YES;
				CLANG_WARN_CONSTANT_CONVERSION = YES;
				CLANG_WARN_DEPRECATED_OBJC_IMPLEMENTATIONS = YES;
				CLANG_WARN_DIRECT_OBJC_ISA_USAGE = YES_ERROR;
				CLANG_WARN_DOCUMENTATION_COMMENTS = YES;
				CLANG_WARN_EMPTY_BODY = YES;
				CLANG_WARN_ENUM_CONVERSION = YES;
				CLANG_WARN_INFINITE_RECURSION = YES;
				CLANG_WARN_INT_CONVERSION = YES;
				CLANG_WARN_NON_LITERAL_NULL_CONVERSION = YES;
				CLANG_WARN_OBJC_IMPLICIT_RETAIN_SELF = YES;
				CLANG_WARN_OBJC_LITERAL_CONVERSION = YES;
				CLANG_WARN_OBJC_ROOT_CLASS = YES_ERROR;
				CLANG_WARN_QUOTED_INCLUDE_IN_FRAMEWORK_HEADER = YES;
				CLANG_WARN_RANGE_LOOP_ANALYSIS = YES;
				CLANG_WARN_STRICT_PROTOTYPES = YES;
				CLANG_WARN_SUSPICIOUS_MOVE = YES;
				CLANG_WARN_UNGUARDED_AVAILABILITY = YES_AGGRESSIVE;
				CLANG_WARN_UNREACHABLE_CODE = YES;
				CLANG_WARN__DUPLICATE_METHOD_MATCH = YES;
				COPY_PHASE_STRIP = NO;
				DEBUG_INFORMATION_FORMAT = dwarf;
				ENABLE_STRICT_OBJC_MSGSEND = YES;
				ENABLE_TESTABILITY = YES;
				GCC_C_LANGUAGE_STANDARD = gnu11;
				GCC_DYNAMIC_NO_PIC = NO;
				GCC_NO_COMMON_BLOCKS = YES;
				GCC_OPTIMIZATION_LEVEL = 0;
				GCC_PREPROCESSOR_DEFINITIONS = (
					"DEBUG=1",
					"$(inherited)",
				);
				GCC_WARN_64_TO_32_BIT_CONVERSION = YES;
				GCC_WARN_ABOUT_RETURN_TYPE = YES_ERROR;
				GCC_WARN_UNDECLARED_SELECTOR = YES;
				GCC_WARN_UNINITIALIZED_AUTOS = YES_AGGRESSIVE;
				GCC_WARN_UNUSED_FUNCTION = YES;
				GCC_WARN_UNUSED_VARIABLE = YES;
				IPHONEOS_DEPLOYMENT_TARGET = 16.4;
				MTL_ENABLE_DEBUG_INFO = INCLUDE_SOURCE;
				MTL_FAST_MATH = YES;
				ONLY_ACTIVE_ARCH = YES;
				SDKROOT = iphoneos;
				SWIFT_ACTIVE_COMPILATION_CONDITIONS = DEBUG;
				SWIFT_OPTIMIZATION_LEVEL = "-Onone";
			};
			name = Debug;
		};
		D762DB412A38CF7B003C4636 /* Release */ = {
			isa = XCBuildConfiguration;
			buildSettings = {
				ALWAYS_SEARCH_USER_PATHS = NO;
				CLANG_ANALYZER_NONNULL = YES;
				CLANG_ANALYZER_NUMBER_OBJECT_CONVERSION = YES_AGGRESSIVE;
				CLANG_CXX_LANGUAGE_STANDARD = "gnu++20";
				CLANG_ENABLE_MODULES = YES;
				CLANG_ENABLE_OBJC_ARC = YES;
				CLANG_ENABLE_OBJC_WEAK = YES;
				CLANG_WARN_BLOCK_CAPTURE_AUTORELEASING = YES;
				CLANG_WARN_BOOL_CONVERSION = YES;
				CLANG_WARN_COMMA = YES;
				CLANG_WARN_CONSTANT_CONVERSION = YES;
				CLANG_WARN_DEPRECATED_OBJC_IMPLEMENTATIONS = YES;
				CLANG_WARN_DIRECT_OBJC_ISA_USAGE = YES_ERROR;
				CLANG_WARN_DOCUMENTATION_COMMENTS = YES;
				CLANG_WARN_EMPTY_BODY = YES;
				CLANG_WARN_ENUM_CONVERSION = YES;
				CLANG_WARN_INFINITE_RECURSION = YES;
				CLANG_WARN_INT_CONVERSION = YES;
				CLANG_WARN_NON_LITERAL_NULL_CONVERSION = YES;
				CLANG_WARN_OBJC_IMPLICIT_RETAIN_SELF = YES;
				CLANG_WARN_OBJC_LITERAL_CONVERSION = YES;
				CLANG_WARN_OBJC_ROOT_CLASS = YES_ERROR;
				CLANG_WARN_QUOTED_INCLUDE_IN_FRAMEWORK_HEADER = YES;
				CLANG_WARN_RANGE_LOOP_ANALYSIS = YES;
				CLANG_WARN_STRICT_PROTOTYPES = YES;
				CLANG_WARN_SUSPICIOUS_MOVE = YES;
				CLANG_WARN_UNGUARDED_AVAILABILITY = YES_AGGRESSIVE;
				CLANG_WARN_UNREACHABLE_CODE = YES;
				CLANG_WARN__DUPLICATE_METHOD_MATCH = YES;
				COPY_PHASE_STRIP = NO;
				DEBUG_INFORMATION_FORMAT = "dwarf-with-dsym";
				ENABLE_NS_ASSERTIONS = NO;
				ENABLE_STRICT_OBJC_MSGSEND = YES;
				GCC_C_LANGUAGE_STANDARD = gnu11;
				GCC_NO_COMMON_BLOCKS = YES;
				GCC_WARN_64_TO_32_BIT_CONVERSION = YES;
				GCC_WARN_ABOUT_RETURN_TYPE = YES_ERROR;
				GCC_WARN_UNDECLARED_SELECTOR = YES;
				GCC_WARN_UNINITIALIZED_AUTOS = YES_AGGRESSIVE;
				GCC_WARN_UNUSED_FUNCTION = YES;
				GCC_WARN_UNUSED_VARIABLE = YES;
				IPHONEOS_DEPLOYMENT_TARGET = 16.4;
				MTL_ENABLE_DEBUG_INFO = NO;
				MTL_FAST_MATH = YES;
				SDKROOT = iphoneos;
				SWIFT_COMPILATION_MODE = wholemodule;
				SWIFT_OPTIMIZATION_LEVEL = "-O";
				VALIDATE_PRODUCT = YES;
			};
			name = Release;
		};
		D762DB432A38CF7B003C4636 /* Debug */ = {
			isa = XCBuildConfiguration;
			buildSettings = {
				ASSETCATALOG_COMPILER_APPICON_NAME = AppIcon;
				ASSETCATALOG_COMPILER_GLOBAL_ACCENT_COLOR_NAME = AccentColor;
				CODE_SIGN_STYLE = Automatic;
				CURRENT_PROJECT_VERSION = 1;
				DEVELOPMENT_TEAM = RGZ8HP6A2J;
				GENERATE_INFOPLIST_FILE = YES;
				INFOPLIST_FILE = SearchUserInGithub/Info.plist;
				INFOPLIST_KEY_UIApplicationSupportsIndirectInputEvents = YES;
				INFOPLIST_KEY_UILaunchStoryboardName = LaunchScreen;
				INFOPLIST_KEY_UISupportedInterfaceOrientations = UIInterfaceOrientationPortrait;
				INFOPLIST_KEY_UISupportedInterfaceOrientations_iPad = "UIInterfaceOrientationLandscapeLeft UIInterfaceOrientationLandscapeRight UIInterfaceOrientationPortrait UIInterfaceOrientationPortraitUpsideDown";
				LD_RUNPATH_SEARCH_PATHS = (
					"$(inherited)",
					"@executable_path/Frameworks",
				);
				MARKETING_VERSION = 1.0;
				PRODUCT_BUNDLE_IDENTIFIER = dangsal.SearchUserInGithub;
				PRODUCT_NAME = "$(TARGET_NAME)";
				SWIFT_EMIT_LOC_STRINGS = YES;
				SWIFT_VERSION = 5.0;
				TARGETED_DEVICE_FAMILY = "1,2";
			};
			name = Debug;
		};
		D762DB442A38CF7B003C4636 /* Release */ = {
			isa = XCBuildConfiguration;
			buildSettings = {
				ASSETCATALOG_COMPILER_APPICON_NAME = AppIcon;
				ASSETCATALOG_COMPILER_GLOBAL_ACCENT_COLOR_NAME = AccentColor;
				CODE_SIGN_STYLE = Automatic;
				CURRENT_PROJECT_VERSION = 1;
				DEVELOPMENT_TEAM = RGZ8HP6A2J;
				GENERATE_INFOPLIST_FILE = YES;
				INFOPLIST_FILE = SearchUserInGithub/Info.plist;
				INFOPLIST_KEY_UIApplicationSupportsIndirectInputEvents = YES;
				INFOPLIST_KEY_UILaunchStoryboardName = LaunchScreen;
				INFOPLIST_KEY_UISupportedInterfaceOrientations = UIInterfaceOrientationPortrait;
				INFOPLIST_KEY_UISupportedInterfaceOrientations_iPad = "UIInterfaceOrientationLandscapeLeft UIInterfaceOrientationLandscapeRight UIInterfaceOrientationPortrait UIInterfaceOrientationPortraitUpsideDown";
				LD_RUNPATH_SEARCH_PATHS = (
					"$(inherited)",
					"@executable_path/Frameworks",
				);
				MARKETING_VERSION = 1.0;
				PRODUCT_BUNDLE_IDENTIFIER = dangsal.SearchUserInGithub;
				PRODUCT_NAME = "$(TARGET_NAME)";
				SWIFT_EMIT_LOC_STRINGS = YES;
				SWIFT_VERSION = 5.0;
				TARGETED_DEVICE_FAMILY = "1,2";
			};
			name = Release;
		};
		D762DB462A38CF7B003C4636 /* Debug */ = {
			isa = XCBuildConfiguration;
			buildSettings = {
				ALWAYS_EMBED_SWIFT_STANDARD_LIBRARIES = YES;
				BUNDLE_LOADER = "$(TEST_HOST)";
				CODE_SIGN_STYLE = Automatic;
				CURRENT_PROJECT_VERSION = 1;
				DEVELOPMENT_TEAM = RGZ8HP6A2J;
				GENERATE_INFOPLIST_FILE = YES;
				IPHONEOS_DEPLOYMENT_TARGET = 16.4;
				MARKETING_VERSION = 1.0;
				PRODUCT_BUNDLE_IDENTIFIER = dangsal.SearchUserInGithubTests;
				PRODUCT_NAME = "$(TARGET_NAME)";
				SWIFT_EMIT_LOC_STRINGS = NO;
				SWIFT_VERSION = 5.0;
				TARGETED_DEVICE_FAMILY = "1,2";
				TEST_HOST = "$(BUILT_PRODUCTS_DIR)/SearchUserInGithub.app/$(BUNDLE_EXECUTABLE_FOLDER_PATH)/SearchUserInGithub";
			};
			name = Debug;
		};
		D762DB472A38CF7B003C4636 /* Release */ = {
			isa = XCBuildConfiguration;
			buildSettings = {
				ALWAYS_EMBED_SWIFT_STANDARD_LIBRARIES = YES;
				BUNDLE_LOADER = "$(TEST_HOST)";
				CODE_SIGN_STYLE = Automatic;
				CURRENT_PROJECT_VERSION = 1;
				DEVELOPMENT_TEAM = RGZ8HP6A2J;
				GENERATE_INFOPLIST_FILE = YES;
				IPHONEOS_DEPLOYMENT_TARGET = 16.4;
				MARKETING_VERSION = 1.0;
				PRODUCT_BUNDLE_IDENTIFIER = dangsal.SearchUserInGithubTests;
				PRODUCT_NAME = "$(TARGET_NAME)";
				SWIFT_EMIT_LOC_STRINGS = NO;
				SWIFT_VERSION = 5.0;
				TARGETED_DEVICE_FAMILY = "1,2";
				TEST_HOST = "$(BUILT_PRODUCTS_DIR)/SearchUserInGithub.app/$(BUNDLE_EXECUTABLE_FOLDER_PATH)/SearchUserInGithub";
			};
			name = Release;
		};
		D762DB492A38CF7B003C4636 /* Debug */ = {
			isa = XCBuildConfiguration;
			buildSettings = {
				ALWAYS_EMBED_SWIFT_STANDARD_LIBRARIES = YES;
				CODE_SIGN_STYLE = Automatic;
				CURRENT_PROJECT_VERSION = 1;
				DEVELOPMENT_TEAM = RGZ8HP6A2J;
				GENERATE_INFOPLIST_FILE = YES;
				MARKETING_VERSION = 1.0;
				PRODUCT_BUNDLE_IDENTIFIER = dangsal.SearchUserInGithubUITests;
				PRODUCT_NAME = "$(TARGET_NAME)";
				SWIFT_EMIT_LOC_STRINGS = NO;
				SWIFT_VERSION = 5.0;
				TARGETED_DEVICE_FAMILY = "1,2";
				TEST_TARGET_NAME = SearchUserInGithub;
			};
			name = Debug;
		};
		D762DB4A2A38CF7B003C4636 /* Release */ = {
			isa = XCBuildConfiguration;
			buildSettings = {
				ALWAYS_EMBED_SWIFT_STANDARD_LIBRARIES = YES;
				CODE_SIGN_STYLE = Automatic;
				CURRENT_PROJECT_VERSION = 1;
				DEVELOPMENT_TEAM = RGZ8HP6A2J;
				GENERATE_INFOPLIST_FILE = YES;
				MARKETING_VERSION = 1.0;
				PRODUCT_BUNDLE_IDENTIFIER = dangsal.SearchUserInGithubUITests;
				PRODUCT_NAME = "$(TARGET_NAME)";
				SWIFT_EMIT_LOC_STRINGS = NO;
				SWIFT_VERSION = 5.0;
				TARGETED_DEVICE_FAMILY = "1,2";
				TEST_TARGET_NAME = SearchUserInGithub;
			};
			name = Release;
		};
/* End XCBuildConfiguration section */

/* Begin XCConfigurationList section */
		D762DB132A38CF79003C4636 /* Build configuration list for PBXProject "SearchUserInGithub" */ = {
			isa = XCConfigurationList;
			buildConfigurations = (
				D762DB402A38CF7B003C4636 /* Debug */,
				D762DB412A38CF7B003C4636 /* Release */,
			);
			defaultConfigurationIsVisible = 0;
			defaultConfigurationName = Release;
		};
		D762DB422A38CF7B003C4636 /* Build configuration list for PBXNativeTarget "SearchUserInGithub" */ = {
			isa = XCConfigurationList;
			buildConfigurations = (
				D762DB432A38CF7B003C4636 /* Debug */,
				D762DB442A38CF7B003C4636 /* Release */,
			);
			defaultConfigurationIsVisible = 0;
			defaultConfigurationName = Release;
		};
		D762DB452A38CF7B003C4636 /* Build configuration list for PBXNativeTarget "SearchUserInGithubTests" */ = {
			isa = XCConfigurationList;
			buildConfigurations = (
				D762DB462A38CF7B003C4636 /* Debug */,
				D762DB472A38CF7B003C4636 /* Release */,
			);
			defaultConfigurationIsVisible = 0;
			defaultConfigurationName = Release;
		};
		D762DB482A38CF7B003C4636 /* Build configuration list for PBXNativeTarget "SearchUserInGithubUITests" */ = {
			isa = XCConfigurationList;
			buildConfigurations = (
				D762DB492A38CF7B003C4636 /* Debug */,
				D762DB4A2A38CF7B003C4636 /* Release */,
			);
			defaultConfigurationIsVisible = 0;
			defaultConfigurationName = Release;
		};
/* End XCConfigurationList section */

/* Begin XCRemoteSwiftPackageReference section */
		D762DB522A38D19B003C4636 /* XCRemoteSwiftPackageReference "Moya" */ = {
			isa = XCRemoteSwiftPackageReference;
			repositoryURL = "https://github.com/Moya/Moya";
			requirement = {
				kind = upToNextMajorVersion;
				minimumVersion = 15.0.0;
			};
		};
		D762DB572A38D1C2003C4636 /* XCRemoteSwiftPackageReference "Then" */ = {
			isa = XCRemoteSwiftPackageReference;
			repositoryURL = "https://github.com/devxoul/Then";
			requirement = {
				kind = upToNextMajorVersion;
				minimumVersion = 3.0.0;
			};
		};
/* End XCRemoteSwiftPackageReference section */

/* Begin XCSwiftPackageProductDependency section */
		D762DB532A38D19B003C4636 /* CombineMoya */ = {
			isa = XCSwiftPackageProductDependency;
			package = D762DB522A38D19B003C4636 /* XCRemoteSwiftPackageReference "Moya" */;
			productName = CombineMoya;
		};
		D762DB552A38D19B003C4636 /* Moya */ = {
			isa = XCSwiftPackageProductDependency;
			package = D762DB522A38D19B003C4636 /* XCRemoteSwiftPackageReference "Moya" */;
			productName = Moya;
		};
		D762DB582A38D1C2003C4636 /* Then */ = {
			isa = XCSwiftPackageProductDependency;
			package = D762DB572A38D1C2003C4636 /* XCRemoteSwiftPackageReference "Then" */;
			productName = Then;
		};
/* End XCSwiftPackageProductDependency section */
	};
	rootObject = D762DB102A38CF79003C4636 /* Project object */;
}
