// !$*UTF8*$!
{
	archiveVersion = 1;
	classes = {
	};
	objectVersion = 56;
	objects = {

/* Begin PBXBuildFile section */
		D70A8ED72AC5B85C0095BE83 /* AppDelegate.swift in Sources */ = {isa = PBXBuildFile; fileRef = D70A8ED62AC5B85C0095BE83 /* AppDelegate.swift */; };
		D70A8ED92AC5B85C0095BE83 /* SceneDelegate.swift in Sources */ = {isa = PBXBuildFile; fileRef = D70A8ED82AC5B85C0095BE83 /* SceneDelegate.swift */; };
		D70A8EE02AC5B85D0095BE83 /* Assets.xcassets in Resources */ = {isa = PBXBuildFile; fileRef = D70A8EDF2AC5B85D0095BE83 /* Assets.xcassets */; };
		D70A8EEE2AC5B85D0095BE83 /* GithubUserSearchTests.swift in Sources */ = {isa = PBXBuildFile; fileRef = D70A8EED2AC5B85D0095BE83 /* GithubUserSearchTests.swift */; };
		D70A8EF82AC5B85D0095BE83 /* GithubUserSearchUITests.swift in Sources */ = {isa = PBXBuildFile; fileRef = D70A8EF72AC5B85D0095BE83 /* GithubUserSearchUITests.swift */; };
		D70A8EFA2AC5B85D0095BE83 /* GithubUserSearchUITestsLaunchTests.swift in Sources */ = {isa = PBXBuildFile; fileRef = D70A8EF92AC5B85D0095BE83 /* GithubUserSearchUITestsLaunchTests.swift */; };
		D70A8F152AC5B96E0095BE83 /* SearchUserViewController.swift in Sources */ = {isa = PBXBuildFile; fileRef = D70A8F142AC5B96E0095BE83 /* SearchUserViewController.swift */; };
		D70A8F182AC5BAAB0095BE83 /* SearchUserView.swift in Sources */ = {isa = PBXBuildFile; fileRef = D70A8F172AC5BAAB0095BE83 /* SearchUserView.swift */; };
		D70A8F1C2AC5BC7D0095BE83 /* UIViewController+Preview.swift in Sources */ = {isa = PBXBuildFile; fileRef = D70A8F1B2AC5BC7D0095BE83 /* UIViewController+Preview.swift */; };
		D70A8F1E2AC5BC920095BE83 /* UIView+Preview.swift in Sources */ = {isa = PBXBuildFile; fileRef = D70A8F1D2AC5BC920095BE83 /* UIView+Preview.swift */; };
		D72887D92AC5C49E00A8BF28 /* SnapKit in Frameworks */ = {isa = PBXBuildFile; productRef = D72887D82AC5C49E00A8BF28 /* SnapKit */; };
		D72887DC2AC5C4EB00A8BF28 /* RxBlocking in Frameworks */ = {isa = PBXBuildFile; productRef = D72887DB2AC5C4EB00A8BF28 /* RxBlocking */; };
		D72887DE2AC5C4EB00A8BF28 /* RxBlocking-Dynamic in Frameworks */ = {isa = PBXBuildFile; productRef = D72887DD2AC5C4EB00A8BF28 /* RxBlocking-Dynamic */; };
		D72887E02AC5C4EB00A8BF28 /* RxCocoa in Frameworks */ = {isa = PBXBuildFile; productRef = D72887DF2AC5C4EB00A8BF28 /* RxCocoa */; };
		D72887E22AC5C4EB00A8BF28 /* RxCocoa-Dynamic in Frameworks */ = {isa = PBXBuildFile; productRef = D72887E12AC5C4EB00A8BF28 /* RxCocoa-Dynamic */; };
		D72887E42AC5C4EB00A8BF28 /* RxRelay in Frameworks */ = {isa = PBXBuildFile; productRef = D72887E32AC5C4EB00A8BF28 /* RxRelay */; };
		D72887E62AC5C4EB00A8BF28 /* RxRelay-Dynamic in Frameworks */ = {isa = PBXBuildFile; productRef = D72887E52AC5C4EB00A8BF28 /* RxRelay-Dynamic */; };
		D72887E82AC5C4EB00A8BF28 /* RxSwift in Frameworks */ = {isa = PBXBuildFile; productRef = D72887E72AC5C4EB00A8BF28 /* RxSwift */; };
		D72887EA2AC5C4EB00A8BF28 /* RxSwift-Dynamic in Frameworks */ = {isa = PBXBuildFile; productRef = D72887E92AC5C4EB00A8BF28 /* RxSwift-Dynamic */; };
		D72887F02AC5C55600A8BF28 /* RxTest in Frameworks */ = {isa = PBXBuildFile; productRef = D72887EF2AC5C55600A8BF28 /* RxTest */; };
		D72887F22AC5C55600A8BF28 /* RxTest-Dynamic in Frameworks */ = {isa = PBXBuildFile; productRef = D72887F12AC5C55600A8BF28 /* RxTest-Dynamic */; };
		D72887F92AC5CDC700A8BF28 /* LoginViewController.swift in Sources */ = {isa = PBXBuildFile; fileRef = D72887F82AC5CDC700A8BF28 /* LoginViewController.swift */; };
		D72887FB2AC5CDF700A8BF28 /* LoginView.swift in Sources */ = {isa = PBXBuildFile; fileRef = D72887FA2AC5CDF700A8BF28 /* LoginView.swift */; };
		D72887FE2AC5CF2F00A8BF28 /* SizeLiteral.swift in Sources */ = {isa = PBXBuildFile; fileRef = D72887FD2AC5CF2F00A8BF28 /* SizeLiteral.swift */; };
/* End PBXBuildFile section */

/* Begin PBXContainerItemProxy section */
		D70A8EEA2AC5B85D0095BE83 /* PBXContainerItemProxy */ = {
			isa = PBXContainerItemProxy;
			containerPortal = D70A8ECB2AC5B85C0095BE83 /* Project object */;
			proxyType = 1;
			remoteGlobalIDString = D70A8ED22AC5B85C0095BE83;
			remoteInfo = GithubUserSearch;
		};
		D70A8EF42AC5B85D0095BE83 /* PBXContainerItemProxy */ = {
			isa = PBXContainerItemProxy;
			containerPortal = D70A8ECB2AC5B85C0095BE83 /* Project object */;
			proxyType = 1;
			remoteGlobalIDString = D70A8ED22AC5B85C0095BE83;
			remoteInfo = GithubUserSearch;
		};
/* End PBXContainerItemProxy section */

/* Begin PBXFileReference section */
		D70A8ED32AC5B85C0095BE83 /* GithubUserSearch.app */ = {isa = PBXFileReference; explicitFileType = wrapper.application; includeInIndex = 0; path = GithubUserSearch.app; sourceTree = BUILT_PRODUCTS_DIR; };
		D70A8ED62AC5B85C0095BE83 /* AppDelegate.swift */ = {isa = PBXFileReference; lastKnownFileType = sourcecode.swift; path = AppDelegate.swift; sourceTree = "<group>"; };
		D70A8ED82AC5B85C0095BE83 /* SceneDelegate.swift */ = {isa = PBXFileReference; lastKnownFileType = sourcecode.swift; path = SceneDelegate.swift; sourceTree = "<group>"; };
		D70A8EDF2AC5B85D0095BE83 /* Assets.xcassets */ = {isa = PBXFileReference; lastKnownFileType = folder.assetcatalog; path = Assets.xcassets; sourceTree = "<group>"; };
		D70A8EE42AC5B85D0095BE83 /* Info.plist */ = {isa = PBXFileReference; lastKnownFileType = text.plist.xml; path = Info.plist; sourceTree = "<group>"; };
		D70A8EE92AC5B85D0095BE83 /* GithubUserSearchTests.xctest */ = {isa = PBXFileReference; explicitFileType = wrapper.cfbundle; includeInIndex = 0; path = GithubUserSearchTests.xctest; sourceTree = BUILT_PRODUCTS_DIR; };
		D70A8EED2AC5B85D0095BE83 /* GithubUserSearchTests.swift */ = {isa = PBXFileReference; lastKnownFileType = sourcecode.swift; path = GithubUserSearchTests.swift; sourceTree = "<group>"; };
		D70A8EF32AC5B85D0095BE83 /* GithubUserSearchUITests.xctest */ = {isa = PBXFileReference; explicitFileType = wrapper.cfbundle; includeInIndex = 0; path = GithubUserSearchUITests.xctest; sourceTree = BUILT_PRODUCTS_DIR; };
		D70A8EF72AC5B85D0095BE83 /* GithubUserSearchUITests.swift */ = {isa = PBXFileReference; lastKnownFileType = sourcecode.swift; path = GithubUserSearchUITests.swift; sourceTree = "<group>"; };
		D70A8EF92AC5B85D0095BE83 /* GithubUserSearchUITestsLaunchTests.swift */ = {isa = PBXFileReference; lastKnownFileType = sourcecode.swift; path = GithubUserSearchUITestsLaunchTests.swift; sourceTree = "<group>"; };
		D70A8F142AC5B96E0095BE83 /* SearchUserViewController.swift */ = {isa = PBXFileReference; lastKnownFileType = sourcecode.swift; path = SearchUserViewController.swift; sourceTree = "<group>"; };
		D70A8F172AC5BAAB0095BE83 /* SearchUserView.swift */ = {isa = PBXFileReference; lastKnownFileType = sourcecode.swift; path = SearchUserView.swift; sourceTree = "<group>"; };
		D70A8F1B2AC5BC7D0095BE83 /* UIViewController+Preview.swift */ = {isa = PBXFileReference; lastKnownFileType = sourcecode.swift; path = "UIViewController+Preview.swift"; sourceTree = "<group>"; };
		D70A8F1D2AC5BC920095BE83 /* UIView+Preview.swift */ = {isa = PBXFileReference; lastKnownFileType = sourcecode.swift; path = "UIView+Preview.swift"; sourceTree = "<group>"; };
		D72887F82AC5CDC700A8BF28 /* LoginViewController.swift */ = {isa = PBXFileReference; lastKnownFileType = sourcecode.swift; path = LoginViewController.swift; sourceTree = "<group>"; };
		D72887FA2AC5CDF700A8BF28 /* LoginView.swift */ = {isa = PBXFileReference; lastKnownFileType = sourcecode.swift; path = LoginView.swift; sourceTree = "<group>"; };
		D72887FD2AC5CF2F00A8BF28 /* SizeLiteral.swift */ = {isa = PBXFileReference; lastKnownFileType = sourcecode.swift; path = SizeLiteral.swift; sourceTree = "<group>"; };
/* End PBXFileReference section */

/* Begin PBXFrameworksBuildPhase section */
		D70A8ED02AC5B85C0095BE83 /* Frameworks */ = {
			isa = PBXFrameworksBuildPhase;
			buildActionMask = 2147483647;
			files = (
				D72887E42AC5C4EB00A8BF28 /* RxRelay in Frameworks */,
				D72887EA2AC5C4EB00A8BF28 /* RxSwift-Dynamic in Frameworks */,
				D72887DE2AC5C4EB00A8BF28 /* RxBlocking-Dynamic in Frameworks */,
				D72887E22AC5C4EB00A8BF28 /* RxCocoa-Dynamic in Frameworks */,
				D72887D92AC5C49E00A8BF28 /* SnapKit in Frameworks */,
				D72887E02AC5C4EB00A8BF28 /* RxCocoa in Frameworks */,
				D72887E62AC5C4EB00A8BF28 /* RxRelay-Dynamic in Frameworks */,
				D72887E82AC5C4EB00A8BF28 /* RxSwift in Frameworks */,
				D72887DC2AC5C4EB00A8BF28 /* RxBlocking in Frameworks */,
			);
			runOnlyForDeploymentPostprocessing = 0;
		};
		D70A8EE62AC5B85D0095BE83 /* Frameworks */ = {
			isa = PBXFrameworksBuildPhase;
			buildActionMask = 2147483647;
			files = (
				D72887F22AC5C55600A8BF28 /* RxTest-Dynamic in Frameworks */,
				D72887F02AC5C55600A8BF28 /* RxTest in Frameworks */,
			);
			runOnlyForDeploymentPostprocessing = 0;
		};
		D70A8EF02AC5B85D0095BE83 /* Frameworks */ = {
			isa = PBXFrameworksBuildPhase;
			buildActionMask = 2147483647;
			files = (
			);
			runOnlyForDeploymentPostprocessing = 0;
		};
/* End PBXFrameworksBuildPhase section */

/* Begin PBXGroup section */
		D70A8ECA2AC5B85C0095BE83 = {
			isa = PBXGroup;
			children = (
				D70A8ED52AC5B85C0095BE83 /* GithubUserSearch */,
				D70A8EEC2AC5B85D0095BE83 /* GithubUserSearchTests */,
				D70A8EF62AC5B85D0095BE83 /* GithubUserSearchUITests */,
				D70A8ED42AC5B85C0095BE83 /* Products */,
			);
			sourceTree = "<group>";
		};
		D70A8ED42AC5B85C0095BE83 /* Products */ = {
			isa = PBXGroup;
			children = (
				D70A8ED32AC5B85C0095BE83 /* GithubUserSearch.app */,
				D70A8EE92AC5B85D0095BE83 /* GithubUserSearchTests.xctest */,
				D70A8EF32AC5B85D0095BE83 /* GithubUserSearchUITests.xctest */,
			);
			name = Products;
			sourceTree = "<group>";
		};
		D70A8ED52AC5B85C0095BE83 /* GithubUserSearch */ = {
			isa = PBXGroup;
			children = (
				D70A8F0C2AC5B8B40095BE83 /* Application */,
				D70A8F0B2AC5B8AF0095BE83 /* Presentation */,
				D70A8F0A2AC5B8AA0095BE83 /* Domain */,
				D70A8F092AC5B8A50095BE83 /* Data */,
				D70A8F082AC5B89F0095BE83 /* Util */,
				D70A8F072AC5B89A0095BE83 /* Service */,
				D70A8F062AC5B8910095BE83 /* Resource */,
			);
			path = GithubUserSearch;
			sourceTree = "<group>";
		};
		D70A8EEC2AC5B85D0095BE83 /* GithubUserSearchTests */ = {
			isa = PBXGroup;
			children = (
				D70A8EED2AC5B85D0095BE83 /* GithubUserSearchTests.swift */,
			);
			path = GithubUserSearchTests;
			sourceTree = "<group>";
		};
		D70A8EF62AC5B85D0095BE83 /* GithubUserSearchUITests */ = {
			isa = PBXGroup;
			children = (
				D70A8EF72AC5B85D0095BE83 /* GithubUserSearchUITests.swift */,
				D70A8EF92AC5B85D0095BE83 /* GithubUserSearchUITestsLaunchTests.swift */,
			);
			path = GithubUserSearchUITests;
			sourceTree = "<group>";
		};
		D70A8F062AC5B8910095BE83 /* Resource */ = {
			isa = PBXGroup;
			children = (
				D70A8EDF2AC5B85D0095BE83 /* Assets.xcassets */,
			);
			path = Resource;
			sourceTree = "<group>";
		};
		D70A8F072AC5B89A0095BE83 /* Service */ = {
			isa = PBXGroup;
			children = (
			);
			path = Service;
			sourceTree = "<group>";
		};
		D70A8F082AC5B89F0095BE83 /* Util */ = {
			isa = PBXGroup;
			children = (
				D72887FC2AC5CF2600A8BF28 /* Literal */,
				D70A8F192AC5BC690095BE83 /* Extension */,
			);
			path = Util;
			sourceTree = "<group>";
		};
		D70A8F092AC5B8A50095BE83 /* Data */ = {
			isa = PBXGroup;
			children = (
			);
			path = Data;
			sourceTree = "<group>";
		};
		D70A8F0A2AC5B8AA0095BE83 /* Domain */ = {
			isa = PBXGroup;
			children = (
			);
			path = Domain;
			sourceTree = "<group>";
		};
		D70A8F0B2AC5B8AF0095BE83 /* Presentation */ = {
			isa = PBXGroup;
			children = (
				D70A8F0D2AC5B8C70095BE83 /* Scene */,
			);
			path = Presentation;
			sourceTree = "<group>";
		};
		D70A8F0C2AC5B8B40095BE83 /* Application */ = {
			isa = PBXGroup;
			children = (
				D70A8ED62AC5B85C0095BE83 /* AppDelegate.swift */,
				D70A8ED82AC5B85C0095BE83 /* SceneDelegate.swift */,
				D70A8EE42AC5B85D0095BE83 /* Info.plist */,
			);
			path = Application;
			sourceTree = "<group>";
		};
		D70A8F0D2AC5B8C70095BE83 /* Scene */ = {
			isa = PBXGroup;
			children = (
				D72887F32AC5CDA400A8BF28 /* Login */,
				D70A8F0E2AC5B8CC0095BE83 /* SearchUser */,
			);
			path = Scene;
			sourceTree = "<group>";
		};
		D70A8F0E2AC5B8CC0095BE83 /* SearchUser */ = {
			isa = PBXGroup;
			children = (
				D70A8F122AC5B8F20095BE83 /* UIComponent */,
				D70A8F112AC5B8EC0095BE83 /* ViewModel */,
				D70A8F102AC5B8EA0095BE83 /* View */,
				D70A8F0F2AC5B8E40095BE83 /* ViewController */,
			);
			path = SearchUser;
			sourceTree = "<group>";
		};
		D70A8F0F2AC5B8E40095BE83 /* ViewController */ = {
			isa = PBXGroup;
			children = (
				D70A8F142AC5B96E0095BE83 /* SearchUserViewController.swift */,
			);
			path = ViewController;
			sourceTree = "<group>";
		};
		D70A8F102AC5B8EA0095BE83 /* View */ = {
			isa = PBXGroup;
			children = (
				D70A8F172AC5BAAB0095BE83 /* SearchUserView.swift */,
			);
			path = View;
			sourceTree = "<group>";
		};
		D70A8F112AC5B8EC0095BE83 /* ViewModel */ = {
			isa = PBXGroup;
			children = (
			);
			path = ViewModel;
			sourceTree = "<group>";
		};
		D70A8F122AC5B8F20095BE83 /* UIComponent */ = {
			isa = PBXGroup;
			children = (
			);
			path = UIComponent;
			sourceTree = "<group>";
		};
		D70A8F192AC5BC690095BE83 /* Extension */ = {
			isa = PBXGroup;
			children = (
				D70A8F1A2AC5BC6D0095BE83 /* Preview */,
			);
			path = Extension;
			sourceTree = "<group>";
		};
		D70A8F1A2AC5BC6D0095BE83 /* Preview */ = {
			isa = PBXGroup;
			children = (
				D70A8F1B2AC5BC7D0095BE83 /* UIViewController+Preview.swift */,
				D70A8F1D2AC5BC920095BE83 /* UIView+Preview.swift */,
			);
			path = Preview;
			sourceTree = "<group>";
		};
		D72887F32AC5CDA400A8BF28 /* Login */ = {
			isa = PBXGroup;
			children = (
				D72887F72AC5CDBB00A8BF28 /* UIComponent */,
				D72887F62AC5CDB600A8BF28 /* ViewModel */,
				D72887F52AC5CDB300A8BF28 /* View */,
				D72887F42AC5CDAE00A8BF28 /* ViewController */,
			);
			path = Login;
			sourceTree = "<group>";
		};
		D72887F42AC5CDAE00A8BF28 /* ViewController */ = {
			isa = PBXGroup;
			children = (
				D72887F82AC5CDC700A8BF28 /* LoginViewController.swift */,
			);
			path = ViewController;
			sourceTree = "<group>";
		};
		D72887F52AC5CDB300A8BF28 /* View */ = {
			isa = PBXGroup;
			children = (
				D72887FA2AC5CDF700A8BF28 /* LoginView.swift */,
			);
			path = View;
			sourceTree = "<group>";
		};
		D72887F62AC5CDB600A8BF28 /* ViewModel */ = {
			isa = PBXGroup;
			children = (
			);
			path = ViewModel;
			sourceTree = "<group>";
		};
		D72887F72AC5CDBB00A8BF28 /* UIComponent */ = {
			isa = PBXGroup;
			children = (
			);
			path = UIComponent;
			sourceTree = "<group>";
		};
		D72887FC2AC5CF2600A8BF28 /* Literal */ = {
			isa = PBXGroup;
			children = (
				D72887FD2AC5CF2F00A8BF28 /* SizeLiteral.swift */,
			);
			path = Literal;
			sourceTree = "<group>";
		};
/* End PBXGroup section */

/* Begin PBXNativeTarget section */
		D70A8ED22AC5B85C0095BE83 /* GithubUserSearch */ = {
			isa = PBXNativeTarget;
			buildConfigurationList = D70A8EFD2AC5B85D0095BE83 /* Build configuration list for PBXNativeTarget "GithubUserSearch" */;
			buildPhases = (
				D70A8ECF2AC5B85C0095BE83 /* Sources */,
				D70A8ED02AC5B85C0095BE83 /* Frameworks */,
				D70A8ED12AC5B85C0095BE83 /* Resources */,
			);
			buildRules = (
			);
			dependencies = (
			);
			name = GithubUserSearch;
			packageProductDependencies = (
				D72887D82AC5C49E00A8BF28 /* SnapKit */,
				D72887DB2AC5C4EB00A8BF28 /* RxBlocking */,
				D72887DD2AC5C4EB00A8BF28 /* RxBlocking-Dynamic */,
				D72887DF2AC5C4EB00A8BF28 /* RxCocoa */,
				D72887E12AC5C4EB00A8BF28 /* RxCocoa-Dynamic */,
				D72887E32AC5C4EB00A8BF28 /* RxRelay */,
				D72887E52AC5C4EB00A8BF28 /* RxRelay-Dynamic */,
				D72887E72AC5C4EB00A8BF28 /* RxSwift */,
				D72887E92AC5C4EB00A8BF28 /* RxSwift-Dynamic */,
			);
			productName = GithubUserSearch;
			productReference = D70A8ED32AC5B85C0095BE83 /* GithubUserSearch.app */;
			productType = "com.apple.product-type.application";
		};
		D70A8EE82AC5B85D0095BE83 /* GithubUserSearchTests */ = {
			isa = PBXNativeTarget;
			buildConfigurationList = D70A8F002AC5B85D0095BE83 /* Build configuration list for PBXNativeTarget "GithubUserSearchTests" */;
			buildPhases = (
				D70A8EE52AC5B85D0095BE83 /* Sources */,
				D70A8EE62AC5B85D0095BE83 /* Frameworks */,
				D70A8EE72AC5B85D0095BE83 /* Resources */,
			);
			buildRules = (
			);
			dependencies = (
				D70A8EEB2AC5B85D0095BE83 /* PBXTargetDependency */,
			);
			name = GithubUserSearchTests;
			packageProductDependencies = (
				D72887EF2AC5C55600A8BF28 /* RxTest */,
				D72887F12AC5C55600A8BF28 /* RxTest-Dynamic */,
			);
			productName = GithubUserSearchTests;
			productReference = D70A8EE92AC5B85D0095BE83 /* GithubUserSearchTests.xctest */;
			productType = "com.apple.product-type.bundle.unit-test";
		};
		D70A8EF22AC5B85D0095BE83 /* GithubUserSearchUITests */ = {
			isa = PBXNativeTarget;
			buildConfigurationList = D70A8F032AC5B85D0095BE83 /* Build configuration list for PBXNativeTarget "GithubUserSearchUITests" */;
			buildPhases = (
				D70A8EEF2AC5B85D0095BE83 /* Sources */,
				D70A8EF02AC5B85D0095BE83 /* Frameworks */,
				D70A8EF12AC5B85D0095BE83 /* Resources */,
			);
			buildRules = (
			);
			dependencies = (
				D70A8EF52AC5B85D0095BE83 /* PBXTargetDependency */,
			);
			name = GithubUserSearchUITests;
			productName = GithubUserSearchUITests;
			productReference = D70A8EF32AC5B85D0095BE83 /* GithubUserSearchUITests.xctest */;
			productType = "com.apple.product-type.bundle.ui-testing";
		};
/* End PBXNativeTarget section */

/* Begin PBXProject section */
		D70A8ECB2AC5B85C0095BE83 /* Project object */ = {
			isa = PBXProject;
			attributes = {
				BuildIndependentTargetsInParallel = 1;
				LastSwiftUpdateCheck = 1500;
				LastUpgradeCheck = 1500;
				TargetAttributes = {
					D70A8ED22AC5B85C0095BE83 = {
						CreatedOnToolsVersion = 15.0;
					};
					D70A8EE82AC5B85D0095BE83 = {
						CreatedOnToolsVersion = 15.0;
						TestTargetID = D70A8ED22AC5B85C0095BE83;
					};
					D70A8EF22AC5B85D0095BE83 = {
						CreatedOnToolsVersion = 15.0;
						TestTargetID = D70A8ED22AC5B85C0095BE83;
					};
				};
			};
			buildConfigurationList = D70A8ECE2AC5B85C0095BE83 /* Build configuration list for PBXProject "GithubUserSearch" */;
			compatibilityVersion = "Xcode 14.0";
			developmentRegion = en;
			hasScannedForEncodings = 0;
			knownRegions = (
				en,
				Base,
			);
			mainGroup = D70A8ECA2AC5B85C0095BE83;
			packageReferences = (
				D72887D72AC5C49E00A8BF28 /* XCRemoteSwiftPackageReference "SnapKit" */,
				D72887DA2AC5C4EB00A8BF28 /* XCRemoteSwiftPackageReference "RxSwift" */,
			);
			productRefGroup = D70A8ED42AC5B85C0095BE83 /* Products */;
			projectDirPath = "";
			projectRoot = "";
			targets = (
				D70A8ED22AC5B85C0095BE83 /* GithubUserSearch */,
				D70A8EE82AC5B85D0095BE83 /* GithubUserSearchTests */,
				D70A8EF22AC5B85D0095BE83 /* GithubUserSearchUITests */,
			);
		};
/* End PBXProject section */

/* Begin PBXResourcesBuildPhase section */
		D70A8ED12AC5B85C0095BE83 /* Resources */ = {
			isa = PBXResourcesBuildPhase;
			buildActionMask = 2147483647;
			files = (
				D70A8EE02AC5B85D0095BE83 /* Assets.xcassets in Resources */,
			);
			runOnlyForDeploymentPostprocessing = 0;
		};
		D70A8EE72AC5B85D0095BE83 /* Resources */ = {
			isa = PBXResourcesBuildPhase;
			buildActionMask = 2147483647;
			files = (
			);
			runOnlyForDeploymentPostprocessing = 0;
		};
		D70A8EF12AC5B85D0095BE83 /* Resources */ = {
			isa = PBXResourcesBuildPhase;
			buildActionMask = 2147483647;
			files = (
			);
			runOnlyForDeploymentPostprocessing = 0;
		};
/* End PBXResourcesBuildPhase section */

/* Begin PBXSourcesBuildPhase section */
		D70A8ECF2AC5B85C0095BE83 /* Sources */ = {
			isa = PBXSourcesBuildPhase;
			buildActionMask = 2147483647;
			files = (
				D72887F92AC5CDC700A8BF28 /* LoginViewController.swift in Sources */,
				D70A8ED72AC5B85C0095BE83 /* AppDelegate.swift in Sources */,
				D70A8F152AC5B96E0095BE83 /* SearchUserViewController.swift in Sources */,
				D70A8F1C2AC5BC7D0095BE83 /* UIViewController+Preview.swift in Sources */,
				D72887FE2AC5CF2F00A8BF28 /* SizeLiteral.swift in Sources */,
				D70A8ED92AC5B85C0095BE83 /* SceneDelegate.swift in Sources */,
				D70A8F182AC5BAAB0095BE83 /* SearchUserView.swift in Sources */,
				D72887FB2AC5CDF700A8BF28 /* LoginView.swift in Sources */,
				D70A8F1E2AC5BC920095BE83 /* UIView+Preview.swift in Sources */,
			);
			runOnlyForDeploymentPostprocessing = 0;
		};
		D70A8EE52AC5B85D0095BE83 /* Sources */ = {
			isa = PBXSourcesBuildPhase;
			buildActionMask = 2147483647;
			files = (
				D70A8EEE2AC5B85D0095BE83 /* GithubUserSearchTests.swift in Sources */,
			);
			runOnlyForDeploymentPostprocessing = 0;
		};
		D70A8EEF2AC5B85D0095BE83 /* Sources */ = {
			isa = PBXSourcesBuildPhase;
			buildActionMask = 2147483647;
			files = (
				D70A8EFA2AC5B85D0095BE83 /* GithubUserSearchUITestsLaunchTests.swift in Sources */,
				D70A8EF82AC5B85D0095BE83 /* GithubUserSearchUITests.swift in Sources */,
			);
			runOnlyForDeploymentPostprocessing = 0;
		};
/* End PBXSourcesBuildPhase section */

/* Begin PBXTargetDependency section */
		D70A8EEB2AC5B85D0095BE83 /* PBXTargetDependency */ = {
			isa = PBXTargetDependency;
			target = D70A8ED22AC5B85C0095BE83 /* GithubUserSearch */;
			targetProxy = D70A8EEA2AC5B85D0095BE83 /* PBXContainerItemProxy */;
		};
		D70A8EF52AC5B85D0095BE83 /* PBXTargetDependency */ = {
			isa = PBXTargetDependency;
			target = D70A8ED22AC5B85C0095BE83 /* GithubUserSearch */;
			targetProxy = D70A8EF42AC5B85D0095BE83 /* PBXContainerItemProxy */;
		};
/* End PBXTargetDependency section */

/* Begin XCBuildConfiguration section */
		D70A8EFB2AC5B85D0095BE83 /* Debug */ = {
			isa = XCBuildConfiguration;
			buildSettings = {
				ALWAYS_SEARCH_USER_PATHS = NO;
				ASSETCATALOG_COMPILER_GENERATE_SWIFT_ASSET_SYMBOL_EXTENSIONS = YES;
				CLANG_ANALYZER_NONNULL = YES;
				CLANG_ANALYZER_NUMBER_OBJECT_CONVERSION = YES_AGGRESSIVE;
				CLANG_CXX_LANGUAGE_STANDARD = "gnu++20";
				CLANG_ENABLE_MODULES = YES;
				CLANG_ENABLE_OBJC_ARC = YES;
				CLANG_ENABLE_OBJC_WEAK = YES;
				CLANG_WARN_BLOCK_CAPTURE_AUTORELEASING = YES;
				CLANG_WARN_BOOL_CONVERSION = YES;
				CLANG_WARN_COMMA = YES;
				CLANG_WARN_CONSTANT_CONVERSION = YES;
				CLANG_WARN_DEPRECATED_OBJC_IMPLEMENTATIONS = YES;
				CLANG_WARN_DIRECT_OBJC_ISA_USAGE = YES_ERROR;
				CLANG_WARN_DOCUMENTATION_COMMENTS = YES;
				CLANG_WARN_EMPTY_BODY = YES;
				CLANG_WARN_ENUM_CONVERSION = YES;
				CLANG_WARN_INFINITE_RECURSION = YES;
				CLANG_WARN_INT_CONVERSION = YES;
				CLANG_WARN_NON_LITERAL_NULL_CONVERSION = YES;
				CLANG_WARN_OBJC_IMPLICIT_RETAIN_SELF = YES;
				CLANG_WARN_OBJC_LITERAL_CONVERSION = YES;
				CLANG_WARN_OBJC_ROOT_CLASS = YES_ERROR;
				CLANG_WARN_QUOTED_INCLUDE_IN_FRAMEWORK_HEADER = YES;
				CLANG_WARN_RANGE_LOOP_ANALYSIS = YES;
				CLANG_WARN_STRICT_PROTOTYPES = YES;
				CLANG_WARN_SUSPICIOUS_MOVE = YES;
				CLANG_WARN_UNGUARDED_AVAILABILITY = YES_AGGRESSIVE;
				CLANG_WARN_UNREACHABLE_CODE = YES;
				CLANG_WARN__DUPLICATE_METHOD_MATCH = YES;
				COPY_PHASE_STRIP = NO;
				DEBUG_INFORMATION_FORMAT = dwarf;
				ENABLE_STRICT_OBJC_MSGSEND = YES;
				ENABLE_TESTABILITY = YES;
				ENABLE_USER_SCRIPT_SANDBOXING = YES;
				GCC_C_LANGUAGE_STANDARD = gnu17;
				GCC_DYNAMIC_NO_PIC = NO;
				GCC_NO_COMMON_BLOCKS = YES;
				GCC_OPTIMIZATION_LEVEL = 0;
				GCC_PREPROCESSOR_DEFINITIONS = (
					"DEBUG=1",
					"$(inherited)",
				);
				GCC_WARN_64_TO_32_BIT_CONVERSION = YES;
				GCC_WARN_ABOUT_RETURN_TYPE = YES_ERROR;
				GCC_WARN_UNDECLARED_SELECTOR = YES;
				GCC_WARN_UNINITIALIZED_AUTOS = YES_AGGRESSIVE;
				GCC_WARN_UNUSED_FUNCTION = YES;
				GCC_WARN_UNUSED_VARIABLE = YES;
				IPHONEOS_DEPLOYMENT_TARGET = 17.0;
				LOCALIZATION_PREFERS_STRING_CATALOGS = YES;
				MTL_ENABLE_DEBUG_INFO = INCLUDE_SOURCE;
				MTL_FAST_MATH = YES;
				ONLY_ACTIVE_ARCH = YES;
				SDKROOT = iphoneos;
				SWIFT_ACTIVE_COMPILATION_CONDITIONS = "DEBUG $(inherited)";
				SWIFT_OPTIMIZATION_LEVEL = "-Onone";
			};
			name = Debug;
		};
		D70A8EFC2AC5B85D0095BE83 /* Release */ = {
			isa = XCBuildConfiguration;
			buildSettings = {
				ALWAYS_SEARCH_USER_PATHS = NO;
				ASSETCATALOG_COMPILER_GENERATE_SWIFT_ASSET_SYMBOL_EXTENSIONS = YES;
				CLANG_ANALYZER_NONNULL = YES;
				CLANG_ANALYZER_NUMBER_OBJECT_CONVERSION = YES_AGGRESSIVE;
				CLANG_CXX_LANGUAGE_STANDARD = "gnu++20";
				CLANG_ENABLE_MODULES = YES;
				CLANG_ENABLE_OBJC_ARC = YES;
				CLANG_ENABLE_OBJC_WEAK = YES;
				CLANG_WARN_BLOCK_CAPTURE_AUTORELEASING = YES;
				CLANG_WARN_BOOL_CONVERSION = YES;
				CLANG_WARN_COMMA = YES;
				CLANG_WARN_CONSTANT_CONVERSION = YES;
				CLANG_WARN_DEPRECATED_OBJC_IMPLEMENTATIONS = YES;
				CLANG_WARN_DIRECT_OBJC_ISA_USAGE = YES_ERROR;
				CLANG_WARN_DOCUMENTATION_COMMENTS = YES;
				CLANG_WARN_EMPTY_BODY = YES;
				CLANG_WARN_ENUM_CONVERSION = YES;
				CLANG_WARN_INFINITE_RECURSION = YES;
				CLANG_WARN_INT_CONVERSION = YES;
				CLANG_WARN_NON_LITERAL_NULL_CONVERSION = YES;
				CLANG_WARN_OBJC_IMPLICIT_RETAIN_SELF = YES;
				CLANG_WARN_OBJC_LITERAL_CONVERSION = YES;
				CLANG_WARN_OBJC_ROOT_CLASS = YES_ERROR;
				CLANG_WARN_QUOTED_INCLUDE_IN_FRAMEWORK_HEADER = YES;
				CLANG_WARN_RANGE_LOOP_ANALYSIS = YES;
				CLANG_WARN_STRICT_PROTOTYPES = YES;
				CLANG_WARN_SUSPICIOUS_MOVE = YES;
				CLANG_WARN_UNGUARDED_AVAILABILITY = YES_AGGRESSIVE;
				CLANG_WARN_UNREACHABLE_CODE = YES;
				CLANG_WARN__DUPLICATE_METHOD_MATCH = YES;
				COPY_PHASE_STRIP = NO;
				DEBUG_INFORMATION_FORMAT = "dwarf-with-dsym";
				ENABLE_NS_ASSERTIONS = NO;
				ENABLE_STRICT_OBJC_MSGSEND = YES;
				ENABLE_USER_SCRIPT_SANDBOXING = YES;
				GCC_C_LANGUAGE_STANDARD = gnu17;
				GCC_NO_COMMON_BLOCKS = YES;
				GCC_WARN_64_TO_32_BIT_CONVERSION = YES;
				GCC_WARN_ABOUT_RETURN_TYPE = YES_ERROR;
				GCC_WARN_UNDECLARED_SELECTOR = YES;
				GCC_WARN_UNINITIALIZED_AUTOS = YES_AGGRESSIVE;
				GCC_WARN_UNUSED_FUNCTION = YES;
				GCC_WARN_UNUSED_VARIABLE = YES;
				IPHONEOS_DEPLOYMENT_TARGET = 17.0;
				LOCALIZATION_PREFERS_STRING_CATALOGS = YES;
				MTL_ENABLE_DEBUG_INFO = NO;
				MTL_FAST_MATH = YES;
				SDKROOT = iphoneos;
				SWIFT_COMPILATION_MODE = wholemodule;
				VALIDATE_PRODUCT = YES;
			};
			name = Release;
		};
		D70A8EFE2AC5B85D0095BE83 /* Debug */ = {
			isa = XCBuildConfiguration;
			buildSettings = {
				ASSETCATALOG_COMPILER_APPICON_NAME = AppIcon;
				ASSETCATALOG_COMPILER_GLOBAL_ACCENT_COLOR_NAME = AccentColor;
				CODE_SIGN_STYLE = Automatic;
				CURRENT_PROJECT_VERSION = 1;
				DEVELOPMENT_TEAM = RGZ8HP6A2J;
				GENERATE_INFOPLIST_FILE = YES;
				INFOPLIST_FILE = GithubUserSearch/Application/Info.plist;
				INFOPLIST_KEY_UIApplicationSupportsIndirectInputEvents = YES;
				INFOPLIST_KEY_UILaunchStoryboardName = LaunchScreen;
				INFOPLIST_KEY_UISupportedInterfaceOrientations_iPad = "UIInterfaceOrientationPortrait UIInterfaceOrientationPortraitUpsideDown UIInterfaceOrientationLandscapeLeft UIInterfaceOrientationLandscapeRight";
				INFOPLIST_KEY_UISupportedInterfaceOrientations_iPhone = "UIInterfaceOrientationPortrait UIInterfaceOrientationLandscapeLeft UIInterfaceOrientationLandscapeRight";
				IPHONEOS_DEPLOYMENT_TARGET = 16.4;
				LD_RUNPATH_SEARCH_PATHS = (
					"$(inherited)",
					"@executable_path/Frameworks",
				);
				MARKETING_VERSION = 1.0;
				PRODUCT_BUNDLE_IDENTIFIER = dangsal.GithubUserSearch;
				PRODUCT_NAME = "$(TARGET_NAME)";
				SWIFT_EMIT_LOC_STRINGS = YES;
				SWIFT_VERSION = 5.0;
				TARGETED_DEVICE_FAMILY = "1,2";
			};
			name = Debug;
		};
		D70A8EFF2AC5B85D0095BE83 /* Release */ = {
			isa = XCBuildConfiguration;
			buildSettings = {
				ASSETCATALOG_COMPILER_APPICON_NAME = AppIcon;
				ASSETCATALOG_COMPILER_GLOBAL_ACCENT_COLOR_NAME = AccentColor;
				CODE_SIGN_STYLE = Automatic;
				CURRENT_PROJECT_VERSION = 1;
				DEVELOPMENT_TEAM = RGZ8HP6A2J;
				GENERATE_INFOPLIST_FILE = YES;
				INFOPLIST_FILE = GithubUserSearch/Application/Info.plist;
				INFOPLIST_KEY_UIApplicationSupportsIndirectInputEvents = YES;
				INFOPLIST_KEY_UILaunchStoryboardName = LaunchScreen;
				INFOPLIST_KEY_UISupportedInterfaceOrientations_iPad = "UIInterfaceOrientationPortrait UIInterfaceOrientationPortraitUpsideDown UIInterfaceOrientationLandscapeLeft UIInterfaceOrientationLandscapeRight";
				INFOPLIST_KEY_UISupportedInterfaceOrientations_iPhone = "UIInterfaceOrientationPortrait UIInterfaceOrientationLandscapeLeft UIInterfaceOrientationLandscapeRight";
				IPHONEOS_DEPLOYMENT_TARGET = 16.4;
				LD_RUNPATH_SEARCH_PATHS = (
					"$(inherited)",
					"@executable_path/Frameworks",
				);
				MARKETING_VERSION = 1.0;
				PRODUCT_BUNDLE_IDENTIFIER = dangsal.GithubUserSearch;
				PRODUCT_NAME = "$(TARGET_NAME)";
				SWIFT_EMIT_LOC_STRINGS = YES;
				SWIFT_VERSION = 5.0;
				TARGETED_DEVICE_FAMILY = "1,2";
			};
			name = Release;
		};
		D70A8F012AC5B85D0095BE83 /* Debug */ = {
			isa = XCBuildConfiguration;
			buildSettings = {
				ALWAYS_EMBED_SWIFT_STANDARD_LIBRARIES = YES;
				BUNDLE_LOADER = "$(TEST_HOST)";
				CODE_SIGN_STYLE = Automatic;
				CURRENT_PROJECT_VERSION = 1;
				DEVELOPMENT_TEAM = RGZ8HP6A2J;
				GENERATE_INFOPLIST_FILE = YES;
				IPHONEOS_DEPLOYMENT_TARGET = 17.0;
				MARKETING_VERSION = 1.0;
				PRODUCT_BUNDLE_IDENTIFIER = dangsal.GithubUserSearchTests;
				PRODUCT_NAME = "$(TARGET_NAME)";
				SWIFT_EMIT_LOC_STRINGS = NO;
				SWIFT_VERSION = 5.0;
				TARGETED_DEVICE_FAMILY = "1,2";
				TEST_HOST = "$(BUILT_PRODUCTS_DIR)/GithubUserSearch.app/$(BUNDLE_EXECUTABLE_FOLDER_PATH)/GithubUserSearch";
			};
			name = Debug;
		};
		D70A8F022AC5B85D0095BE83 /* Release */ = {
			isa = XCBuildConfiguration;
			buildSettings = {
				ALWAYS_EMBED_SWIFT_STANDARD_LIBRARIES = YES;
				BUNDLE_LOADER = "$(TEST_HOST)";
				CODE_SIGN_STYLE = Automatic;
				CURRENT_PROJECT_VERSION = 1;
				DEVELOPMENT_TEAM = RGZ8HP6A2J;
				GENERATE_INFOPLIST_FILE = YES;
				IPHONEOS_DEPLOYMENT_TARGET = 17.0;
				MARKETING_VERSION = 1.0;
				PRODUCT_BUNDLE_IDENTIFIER = dangsal.GithubUserSearchTests;
				PRODUCT_NAME = "$(TARGET_NAME)";
				SWIFT_EMIT_LOC_STRINGS = NO;
				SWIFT_VERSION = 5.0;
				TARGETED_DEVICE_FAMILY = "1,2";
				TEST_HOST = "$(BUILT_PRODUCTS_DIR)/GithubUserSearch.app/$(BUNDLE_EXECUTABLE_FOLDER_PATH)/GithubUserSearch";
			};
			name = Release;
		};
		D70A8F042AC5B85D0095BE83 /* Debug */ = {
			isa = XCBuildConfiguration;
			buildSettings = {
				ALWAYS_EMBED_SWIFT_STANDARD_LIBRARIES = YES;
				CODE_SIGN_STYLE = Automatic;
				CURRENT_PROJECT_VERSION = 1;
				DEVELOPMENT_TEAM = RGZ8HP6A2J;
				GENERATE_INFOPLIST_FILE = YES;
				MARKETING_VERSION = 1.0;
				PRODUCT_BUNDLE_IDENTIFIER = dangsal.GithubUserSearchUITests;
				PRODUCT_NAME = "$(TARGET_NAME)";
				SWIFT_EMIT_LOC_STRINGS = NO;
				SWIFT_VERSION = 5.0;
				TARGETED_DEVICE_FAMILY = "1,2";
				TEST_TARGET_NAME = GithubUserSearch;
			};
			name = Debug;
		};
		D70A8F052AC5B85D0095BE83 /* Release */ = {
			isa = XCBuildConfiguration;
			buildSettings = {
				ALWAYS_EMBED_SWIFT_STANDARD_LIBRARIES = YES;
				CODE_SIGN_STYLE = Automatic;
				CURRENT_PROJECT_VERSION = 1;
				DEVELOPMENT_TEAM = RGZ8HP6A2J;
				GENERATE_INFOPLIST_FILE = YES;
				MARKETING_VERSION = 1.0;
				PRODUCT_BUNDLE_IDENTIFIER = dangsal.GithubUserSearchUITests;
				PRODUCT_NAME = "$(TARGET_NAME)";
				SWIFT_EMIT_LOC_STRINGS = NO;
				SWIFT_VERSION = 5.0;
				TARGETED_DEVICE_FAMILY = "1,2";
				TEST_TARGET_NAME = GithubUserSearch;
			};
			name = Release;
		};
/* End XCBuildConfiguration section */

/* Begin XCConfigurationList section */
		D70A8ECE2AC5B85C0095BE83 /* Build configuration list for PBXProject "GithubUserSearch" */ = {
			isa = XCConfigurationList;
			buildConfigurations = (
				D70A8EFB2AC5B85D0095BE83 /* Debug */,
				D70A8EFC2AC5B85D0095BE83 /* Release */,
			);
			defaultConfigurationIsVisible = 0;
			defaultConfigurationName = Release;
		};
		D70A8EFD2AC5B85D0095BE83 /* Build configuration list for PBXNativeTarget "GithubUserSearch" */ = {
			isa = XCConfigurationList;
			buildConfigurations = (
				D70A8EFE2AC5B85D0095BE83 /* Debug */,
				D70A8EFF2AC5B85D0095BE83 /* Release */,
			);
			defaultConfigurationIsVisible = 0;
			defaultConfigurationName = Release;
		};
		D70A8F002AC5B85D0095BE83 /* Build configuration list for PBXNativeTarget "GithubUserSearchTests" */ = {
			isa = XCConfigurationList;
			buildConfigurations = (
				D70A8F012AC5B85D0095BE83 /* Debug */,
				D70A8F022AC5B85D0095BE83 /* Release */,
			);
			defaultConfigurationIsVisible = 0;
			defaultConfigurationName = Release;
		};
		D70A8F032AC5B85D0095BE83 /* Build configuration list for PBXNativeTarget "GithubUserSearchUITests" */ = {
			isa = XCConfigurationList;
			buildConfigurations = (
				D70A8F042AC5B85D0095BE83 /* Debug */,
				D70A8F052AC5B85D0095BE83 /* Release */,
			);
			defaultConfigurationIsVisible = 0;
			defaultConfigurationName = Release;
		};
/* End XCConfigurationList section */

/* Begin XCRemoteSwiftPackageReference section */
		D72887D72AC5C49E00A8BF28 /* XCRemoteSwiftPackageReference "SnapKit" */ = {
			isa = XCRemoteSwiftPackageReference;
			repositoryURL = "https://github.com/SnapKit/SnapKit";
			requirement = {
				kind = upToNextMajorVersion;
				minimumVersion = 5.6.0;
			};
		};
		D72887DA2AC5C4EB00A8BF28 /* XCRemoteSwiftPackageReference "RxSwift" */ = {
			isa = XCRemoteSwiftPackageReference;
			repositoryURL = "https://github.com/ReactiveX/RxSwift";
			requirement = {
				kind = upToNextMajorVersion;
				minimumVersion = 6.6.0;
			};
		};
/* End XCRemoteSwiftPackageReference section */

/* Begin XCSwiftPackageProductDependency section */
		D72887D82AC5C49E00A8BF28 /* SnapKit */ = {
			isa = XCSwiftPackageProductDependency;
			package = D72887D72AC5C49E00A8BF28 /* XCRemoteSwiftPackageReference "SnapKit" */;
			productName = SnapKit;
		};
		D72887DB2AC5C4EB00A8BF28 /* RxBlocking */ = {
			isa = XCSwiftPackageProductDependency;
			package = D72887DA2AC5C4EB00A8BF28 /* XCRemoteSwiftPackageReference "RxSwift" */;
			productName = RxBlocking;
		};
		D72887DD2AC5C4EB00A8BF28 /* RxBlocking-Dynamic */ = {
			isa = XCSwiftPackageProductDependency;
			package = D72887DA2AC5C4EB00A8BF28 /* XCRemoteSwiftPackageReference "RxSwift" */;
			productName = "RxBlocking-Dynamic";
		};
		D72887DF2AC5C4EB00A8BF28 /* RxCocoa */ = {
			isa = XCSwiftPackageProductDependency;
			package = D72887DA2AC5C4EB00A8BF28 /* XCRemoteSwiftPackageReference "RxSwift" */;
			productName = RxCocoa;
		};
		D72887E12AC5C4EB00A8BF28 /* RxCocoa-Dynamic */ = {
			isa = XCSwiftPackageProductDependency;
			package = D72887DA2AC5C4EB00A8BF28 /* XCRemoteSwiftPackageReference "RxSwift" */;
			productName = "RxCocoa-Dynamic";
		};
		D72887E32AC5C4EB00A8BF28 /* RxRelay */ = {
			isa = XCSwiftPackageProductDependency;
			package = D72887DA2AC5C4EB00A8BF28 /* XCRemoteSwiftPackageReference "RxSwift" */;
			productName = RxRelay;
		};
		D72887E52AC5C4EB00A8BF28 /* RxRelay-Dynamic */ = {
			isa = XCSwiftPackageProductDependency;
			package = D72887DA2AC5C4EB00A8BF28 /* XCRemoteSwiftPackageReference "RxSwift" */;
			productName = "RxRelay-Dynamic";
		};
		D72887E72AC5C4EB00A8BF28 /* RxSwift */ = {
			isa = XCSwiftPackageProductDependency;
			package = D72887DA2AC5C4EB00A8BF28 /* XCRemoteSwiftPackageReference "RxSwift" */;
			productName = RxSwift;
		};
		D72887E92AC5C4EB00A8BF28 /* RxSwift-Dynamic */ = {
			isa = XCSwiftPackageProductDependency;
			package = D72887DA2AC5C4EB00A8BF28 /* XCRemoteSwiftPackageReference "RxSwift" */;
			productName = "RxSwift-Dynamic";
		};
		D72887EF2AC5C55600A8BF28 /* RxTest */ = {
			isa = XCSwiftPackageProductDependency;
			package = D72887DA2AC5C4EB00A8BF28 /* XCRemoteSwiftPackageReference "RxSwift" */;
			productName = RxTest;
		};
		D72887F12AC5C55600A8BF28 /* RxTest-Dynamic */ = {
			isa = XCSwiftPackageProductDependency;
			package = D72887DA2AC5C4EB00A8BF28 /* XCRemoteSwiftPackageReference "RxSwift" */;
			productName = "RxTest-Dynamic";
		};
/* End XCSwiftPackageProductDependency section */
	};
	rootObject = D70A8ECB2AC5B85C0095BE83 /* Project object */;
}
